// !$*UTF8*$!
{
	archiveVersion = 1;
	classes = {
	};
	objectVersion = 50;
	objects = {

/* Begin PBXBuildFile section */
		FCB93B6C244C5A6A003CEF1F /* AppDelegate.swift in Sources */ = {isa = PBXBuildFile; fileRef = FCB93B6B244C5A6A003CEF1F /* AppDelegate.swift */; };
		FCB93B6E244C5A6A003CEF1F /* SceneDelegate.swift in Sources */ = {isa = PBXBuildFile; fileRef = FCB93B6D244C5A6A003CEF1F /* SceneDelegate.swift */; };
		FCB93B70244C5A6A003CEF1F /* ViewController.swift in Sources */ = {isa = PBXBuildFile; fileRef = FCB93B6F244C5A6A003CEF1F /* ViewController.swift */; };
		FCB93B73244C5A6A003CEF1F /* Main.storyboard in Resources */ = {isa = PBXBuildFile; fileRef = FCB93B71244C5A6A003CEF1F /* Main.storyboard */; };
		FCB93B75244C5A6C003CEF1F /* Assets.xcassets in Resources */ = {isa = PBXBuildFile; fileRef = FCB93B74244C5A6C003CEF1F /* Assets.xcassets */; };
		FCB93B78244C5A6C003CEF1F /* LaunchScreen.storyboard in Resources */ = {isa = PBXBuildFile; fileRef = FCB93B76244C5A6C003CEF1F /* LaunchScreen.storyboard */; };
		FCB93B87244C5F8C003CEF1F /* IntentHandler.swift in Sources */ = {isa = PBXBuildFile; fileRef = FCB93B86244C5F8C003CEF1F /* IntentHandler.swift */; };
		FCB93B8B244C5F8C003CEF1F /* IntentHandler.appex in Embed App Extensions */ = {isa = PBXBuildFile; fileRef = FCB93B84244C5F8C003CEF1F /* IntentHandler.appex */; settings = {ATTRIBUTES = (RemoveHeadersOnCopy, ); }; };
		FCB93B96244C6899003CEF1F /* DataService.swift in Sources */ = {isa = PBXBuildFile; fileRef = FCB93B95244C6899003CEF1F /* DataService.swift */; };
/* End PBXBuildFile section */

/* Begin PBXContainerItemProxy section */
		FCB93B89244C5F8C003CEF1F /* PBXContainerItemProxy */ = {
			isa = PBXContainerItemProxy;
			containerPortal = FCB93B60244C5A6A003CEF1F /* Project object */;
			proxyType = 1;
			remoteGlobalIDString = FCB93B83244C5F8C003CEF1F;
			remoteInfo = IntentHandler;
		};
/* End PBXContainerItemProxy section */

/* Begin PBXCopyFilesBuildPhase section */
		FCB93B8F244C5F8C003CEF1F /* Embed App Extensions */ = {
			isa = PBXCopyFilesBuildPhase;
			buildActionMask = 2147483647;
			dstPath = "";
			dstSubfolderSpec = 13;
			files = (
				FCB93B8B244C5F8C003CEF1F /* IntentHandler.appex in Embed App Extensions */,
			);
			name = "Embed App Extensions";
			runOnlyForDeploymentPostprocessing = 0;
		};
/* End PBXCopyFilesBuildPhase section */

/* Begin PBXFileReference section */
		FCB93B68244C5A6A003CEF1F /* LegDay.app */ = {isa = PBXFileReference; explicitFileType = wrapper.application; includeInIndex = 0; path = LegDay.app; sourceTree = BUILT_PRODUCTS_DIR; };
		FCB93B6B244C5A6A003CEF1F /* AppDelegate.swift */ = {isa = PBXFileReference; lastKnownFileType = sourcecode.swift; path = AppDelegate.swift; sourceTree = "<group>"; };
		FCB93B6D244C5A6A003CEF1F /* SceneDelegate.swift */ = {isa = PBXFileReference; lastKnownFileType = sourcecode.swift; path = SceneDelegate.swift; sourceTree = "<group>"; };
		FCB93B6F244C5A6A003CEF1F /* ViewController.swift */ = {isa = PBXFileReference; lastKnownFileType = sourcecode.swift; path = ViewController.swift; sourceTree = "<group>"; };
		FCB93B72244C5A6A003CEF1F /* Base */ = {isa = PBXFileReference; lastKnownFileType = file.storyboard; name = Base; path = Base.lproj/Main.storyboard; sourceTree = "<group>"; };
		FCB93B74244C5A6C003CEF1F /* Assets.xcassets */ = {isa = PBXFileReference; lastKnownFileType = folder.assetcatalog; path = Assets.xcassets; sourceTree = "<group>"; };
		FCB93B77244C5A6C003CEF1F /* Base */ = {isa = PBXFileReference; lastKnownFileType = file.storyboard; name = Base; path = Base.lproj/LaunchScreen.storyboard; sourceTree = "<group>"; };
		FCB93B79244C5A6C003CEF1F /* Info.plist */ = {isa = PBXFileReference; lastKnownFileType = text.plist.xml; path = Info.plist; sourceTree = "<group>"; };
		FCB93B7F244C5F00003CEF1F /* LegDay.entitlements */ = {isa = PBXFileReference; lastKnownFileType = text.plist.entitlements; path = LegDay.entitlements; sourceTree = "<group>"; };
		FCB93B84244C5F8C003CEF1F /* IntentHandler.appex */ = {isa = PBXFileReference; explicitFileType = "wrapper.app-extension"; includeInIndex = 0; path = IntentHandler.appex; sourceTree = BUILT_PRODUCTS_DIR; };
		FCB93B86244C5F8C003CEF1F /* IntentHandler.swift */ = {isa = PBXFileReference; lastKnownFileType = sourcecode.swift; path = IntentHandler.swift; sourceTree = "<group>"; };
		FCB93B88244C5F8C003CEF1F /* Info.plist */ = {isa = PBXFileReference; lastKnownFileType = text.plist.xml; path = Info.plist; sourceTree = "<group>"; };
		FCB93B95244C6899003CEF1F /* DataService.swift */ = {isa = PBXFileReference; lastKnownFileType = sourcecode.swift; path = DataService.swift; sourceTree = "<group>"; };
/* End PBXFileReference section */

/* Begin PBXFrameworksBuildPhase section */
		FCB93B65244C5A6A003CEF1F /* Frameworks */ = {
			isa = PBXFrameworksBuildPhase;
			buildActionMask = 2147483647;
			files = (
			);
			runOnlyForDeploymentPostprocessing = 0;
		};
		FCB93B81244C5F8C003CEF1F /* Frameworks */ = {
			isa = PBXFrameworksBuildPhase;
			buildActionMask = 2147483647;
			files = (
			);
			runOnlyForDeploymentPostprocessing = 0;
		};
/* End PBXFrameworksBuildPhase section */

/* Begin PBXGroup section */
		FCB93B5F244C5A6A003CEF1F = {
			isa = PBXGroup;
			children = (
				FCB93B6A244C5A6A003CEF1F /* LegDay */,
				FCB93B85244C5F8C003CEF1F /* IntentHandler */,
				FCB93B69244C5A6A003CEF1F /* Products */,
			);
			sourceTree = "<group>";
		};
		FCB93B69244C5A6A003CEF1F /* Products */ = {
			isa = PBXGroup;
			children = (
				FCB93B68244C5A6A003CEF1F /* LegDay.app */,
				FCB93B84244C5F8C003CEF1F /* IntentHandler.appex */,
			);
			name = Products;
			sourceTree = "<group>";
		};
		FCB93B6A244C5A6A003CEF1F /* LegDay */ = {
			isa = PBXGroup;
			children = (
				FCB93B94244C6867003CEF1F /* Extensions */,
				FCB93B93244C6860003CEF1F /* Services */,
				FCB93B92244C6859003CEF1F /* Model */,
				FCB93B91244C6851003CEF1F /* View */,
				FCB93B90244C683C003CEF1F /* Controller */,
				FCB93B7F244C5F00003CEF1F /* LegDay.entitlements */,
				FCB93B6B244C5A6A003CEF1F /* AppDelegate.swift */,
				FCB93B6D244C5A6A003CEF1F /* SceneDelegate.swift */,
				FCB93B74244C5A6C003CEF1F /* Assets.xcassets */,
				FCB93B76244C5A6C003CEF1F /* LaunchScreen.storyboard */,
				FCB93B79244C5A6C003CEF1F /* Info.plist */,
			);
			path = LegDay;
			sourceTree = "<group>";
		};
		FCB93B85244C5F8C003CEF1F /* IntentHandler */ = {
			isa = PBXGroup;
			children = (
				FCB93B86244C5F8C003CEF1F /* IntentHandler.swift */,
				FCB93B88244C5F8C003CEF1F /* Info.plist */,
			);
			path = IntentHandler;
			sourceTree = "<group>";
		};
		FCB93B90244C683C003CEF1F /* Controller */ = {
			isa = PBXGroup;
			children = (
				FCB93B6F244C5A6A003CEF1F /* ViewController.swift */,
			);
			path = Controller;
			sourceTree = "<group>";
		};
		FCB93B91244C6851003CEF1F /* View */ = {
			isa = PBXGroup;
			children = (
				FCB93B71244C5A6A003CEF1F /* Main.storyboard */,
			);
			path = View;
			sourceTree = "<group>";
		};
		FCB93B92244C6859003CEF1F /* Model */ = {
			isa = PBXGroup;
			children = (
			);
			path = Model;
			sourceTree = "<group>";
		};
		FCB93B93244C6860003CEF1F /* Services */ = {
			isa = PBXGroup;
			children = (
				FCB93B95244C6899003CEF1F /* DataService.swift */,
			);
			path = Services;
			sourceTree = "<group>";
		};
		FCB93B94244C6867003CEF1F /* Extensions */ = {
			isa = PBXGroup;
			children = (
			);
			path = Extensions;
			sourceTree = "<group>";
		};
/* End PBXGroup section */

/* Begin PBXNativeTarget section */
		FCB93B67244C5A6A003CEF1F /* LegDay */ = {
			isa = PBXNativeTarget;
			buildConfigurationList = FCB93B7C244C5A6C003CEF1F /* Build configuration list for PBXNativeTarget "LegDay" */;
			buildPhases = (
				FCB93B64244C5A6A003CEF1F /* Sources */,
				FCB93B65244C5A6A003CEF1F /* Frameworks */,
				FCB93B66244C5A6A003CEF1F /* Resources */,
				FCB93B8F244C5F8C003CEF1F /* Embed App Extensions */,
			);
			buildRules = (
			);
			dependencies = (
				FCB93B8A244C5F8C003CEF1F /* PBXTargetDependency */,
			);
			name = LegDay;
			productName = LegDay;
			productReference = FCB93B68244C5A6A003CEF1F /* LegDay.app */;
			productType = "com.apple.product-type.application";
		};
		FCB93B83244C5F8C003CEF1F /* IntentHandler */ = {
			isa = PBXNativeTarget;
			buildConfigurationList = FCB93B8C244C5F8C003CEF1F /* Build configuration list for PBXNativeTarget "IntentHandler" */;
			buildPhases = (
				FCB93B80244C5F8C003CEF1F /* Sources */,
				FCB93B81244C5F8C003CEF1F /* Frameworks */,
				FCB93B82244C5F8C003CEF1F /* Resources */,
			);
			buildRules = (
			);
			dependencies = (
			);
			name = IntentHandler;
			productName = IntentHandler;
			productReference = FCB93B84244C5F8C003CEF1F /* IntentHandler.appex */;
			productType = "com.apple.product-type.app-extension";
		};
/* End PBXNativeTarget section */

/* Begin PBXProject section */
		FCB93B60244C5A6A003CEF1F /* Project object */ = {
			isa = PBXProject;
			attributes = {
				LastSwiftUpdateCheck = 1140;
				LastUpgradeCheck = 1140;
				ORGANIZATIONNAME = omrobbie;
				TargetAttributes = {
					FCB93B67244C5A6A003CEF1F = {
						CreatedOnToolsVersion = 11.4.1;
					};
					FCB93B83244C5F8C003CEF1F = {
						CreatedOnToolsVersion = 11.4.1;
					};
				};
			};
			buildConfigurationList = FCB93B63244C5A6A003CEF1F /* Build configuration list for PBXProject "LegDay" */;
			compatibilityVersion = "Xcode 9.3";
			developmentRegion = en;
			hasScannedForEncodings = 0;
			knownRegions = (
				en,
				Base,
			);
			mainGroup = FCB93B5F244C5A6A003CEF1F;
			productRefGroup = FCB93B69244C5A6A003CEF1F /* Products */;
			projectDirPath = "";
			projectRoot = "";
			targets = (
				FCB93B67244C5A6A003CEF1F /* LegDay */,
				FCB93B83244C5F8C003CEF1F /* IntentHandler */,
			);
		};
/* End PBXProject section */

/* Begin PBXResourcesBuildPhase section */
		FCB93B66244C5A6A003CEF1F /* Resources */ = {
			isa = PBXResourcesBuildPhase;
			buildActionMask = 2147483647;
			files = (
				FCB93B78244C5A6C003CEF1F /* LaunchScreen.storyboard in Resources */,
				FCB93B75244C5A6C003CEF1F /* Assets.xcassets in Resources */,
				FCB93B73244C5A6A003CEF1F /* Main.storyboard in Resources */,
			);
			runOnlyForDeploymentPostprocessing = 0;
		};
		FCB93B82244C5F8C003CEF1F /* Resources */ = {
			isa = PBXResourcesBuildPhase;
			buildActionMask = 2147483647;
			files = (
			);
			runOnlyForDeploymentPostprocessing = 0;
		};
/* End PBXResourcesBuildPhase section */

/* Begin PBXSourcesBuildPhase section */
		FCB93B64244C5A6A003CEF1F /* Sources */ = {
			isa = PBXSourcesBuildPhase;
			buildActionMask = 2147483647;
			files = (
				FCB93B70244C5A6A003CEF1F /* ViewController.swift in Sources */,
				FCB93B6C244C5A6A003CEF1F /* AppDelegate.swift in Sources */,
				FCB93B6E244C5A6A003CEF1F /* SceneDelegate.swift in Sources */,
				FCB93B96244C6899003CEF1F /* DataService.swift in Sources */,
			);
			runOnlyForDeploymentPostprocessing = 0;
		};
		FCB93B80244C5F8C003CEF1F /* Sources */ = {
			isa = PBXSourcesBuildPhase;
			buildActionMask = 2147483647;
			files = (
				FCB93B87244C5F8C003CEF1F /* IntentHandler.swift in Sources */,
			);
			runOnlyForDeploymentPostprocessing = 0;
		};
/* End PBXSourcesBuildPhase section */

/* Begin PBXTargetDependency section */
		FCB93B8A244C5F8C003CEF1F /* PBXTargetDependency */ = {
			isa = PBXTargetDependency;
			target = FCB93B83244C5F8C003CEF1F /* IntentHandler */;
			targetProxy = FCB93B89244C5F8C003CEF1F /* PBXContainerItemProxy */;
		};
/* End PBXTargetDependency section */

/* Begin PBXVariantGroup section */
		FCB93B71244C5A6A003CEF1F /* Main.storyboard */ = {
			isa = PBXVariantGroup;
			children = (
				FCB93B72244C5A6A003CEF1F /* Base */,
			);
			name = Main.storyboard;
			sourceTree = "<group>";
		};
		FCB93B76244C5A6C003CEF1F /* LaunchScreen.storyboard */ = {
			isa = PBXVariantGroup;
			children = (
				FCB93B77244C5A6C003CEF1F /* Base */,
			);
			name = LaunchScreen.storyboard;
			sourceTree = "<group>";
		};
/* End PBXVariantGroup section */

/* Begin XCBuildConfiguration section */
		FCB93B7A244C5A6C003CEF1F /* Debug */ = {
			isa = XCBuildConfiguration;
			buildSettings = {
				ALWAYS_SEARCH_USER_PATHS = NO;
				CLANG_ANALYZER_NONNULL = YES;
				CLANG_ANALYZER_NUMBER_OBJECT_CONVERSION = YES_AGGRESSIVE;
				CLANG_CXX_LANGUAGE_STANDARD = "gnu++14";
				CLANG_CXX_LIBRARY = "libc++";
				CLANG_ENABLE_MODULES = YES;
				CLANG_ENABLE_OBJC_ARC = YES;
				CLANG_ENABLE_OBJC_WEAK = YES;
				CLANG_WARN_BLOCK_CAPTURE_AUTORELEASING = YES;
				CLANG_WARN_BOOL_CONVERSION = YES;
				CLANG_WARN_COMMA = YES;
				CLANG_WARN_CONSTANT_CONVERSION = YES;
				CLANG_WARN_DEPRECATED_OBJC_IMPLEMENTATIONS = YES;
				CLANG_WARN_DIRECT_OBJC_ISA_USAGE = YES_ERROR;
				CLANG_WARN_DOCUMENTATION_COMMENTS = YES;
				CLANG_WARN_EMPTY_BODY = YES;
				CLANG_WARN_ENUM_CONVERSION = YES;
				CLANG_WARN_INFINITE_RECURSION = YES;
				CLANG_WARN_INT_CONVERSION = YES;
				CLANG_WARN_NON_LITERAL_NULL_CONVERSION = YES;
				CLANG_WARN_OBJC_IMPLICIT_RETAIN_SELF = YES;
				CLANG_WARN_OBJC_LITERAL_CONVERSION = YES;
				CLANG_WARN_OBJC_ROOT_CLASS = YES_ERROR;
				CLANG_WARN_RANGE_LOOP_ANALYSIS = YES;
				CLANG_WARN_STRICT_PROTOTYPES = YES;
				CLANG_WARN_SUSPICIOUS_MOVE = YES;
				CLANG_WARN_UNGUARDED_AVAILABILITY = YES_AGGRESSIVE;
				CLANG_WARN_UNREACHABLE_CODE = YES;
				CLANG_WARN__DUPLICATE_METHOD_MATCH = YES;
				COPY_PHASE_STRIP = NO;
				DEBUG_INFORMATION_FORMAT = dwarf;
				ENABLE_STRICT_OBJC_MSGSEND = YES;
				ENABLE_TESTABILITY = YES;
				GCC_C_LANGUAGE_STANDARD = gnu11;
				GCC_DYNAMIC_NO_PIC = NO;
				GCC_NO_COMMON_BLOCKS = YES;
				GCC_OPTIMIZATION_LEVEL = 0;
				GCC_PREPROCESSOR_DEFINITIONS = (
					"DEBUG=1",
					"$(inherited)",
				);
				GCC_WARN_64_TO_32_BIT_CONVERSION = YES;
				GCC_WARN_ABOUT_RETURN_TYPE = YES_ERROR;
				GCC_WARN_UNDECLARED_SELECTOR = YES;
				GCC_WARN_UNINITIALIZED_AUTOS = YES_AGGRESSIVE;
				GCC_WARN_UNUSED_FUNCTION = YES;
				GCC_WARN_UNUSED_VARIABLE = YES;
				IPHONEOS_DEPLOYMENT_TARGET = 13.4;
				MTL_ENABLE_DEBUG_INFO = INCLUDE_SOURCE;
				MTL_FAST_MATH = YES;
				ONLY_ACTIVE_ARCH = YES;
				SDKROOT = iphoneos;
				SWIFT_ACTIVE_COMPILATION_CONDITIONS = DEBUG;
				SWIFT_OPTIMIZATION_LEVEL = "-Onone";
			};
			name = Debug;
		};
		FCB93B7B244C5A6C003CEF1F /* Release */ = {
			isa = XCBuildConfiguration;
			buildSettings = {
				ALWAYS_SEARCH_USER_PATHS = NO;
				CLANG_ANALYZER_NONNULL = YES;
				CLANG_ANALYZER_NUMBER_OBJECT_CONVERSION = YES_AGGRESSIVE;
				CLANG_CXX_LANGUAGE_STANDARD = "gnu++14";
				CLANG_CXX_LIBRARY = "libc++";
				CLANG_ENABLE_MODULES = YES;
				CLANG_ENABLE_OBJC_ARC = YES;
				CLANG_ENABLE_OBJC_WEAK = YES;
				CLANG_WARN_BLOCK_CAPTURE_AUTORELEASING = YES;
				CLANG_WARN_BOOL_CONVERSION = YES;
				CLANG_WARN_COMMA = YES;
				CLANG_WARN_CONSTANT_CONVERSION = YES;
				CLANG_WARN_DEPRECATED_OBJC_IMPLEMENTATIONS = YES;
				CLANG_WARN_DIRECT_OBJC_ISA_USAGE = YES_ERROR;
				CLANG_WARN_DOCUMENTATION_COMMENTS = YES;
				CLANG_WARN_EMPTY_BODY = YES;
				CLANG_WARN_ENUM_CONVERSION = YES;
				CLANG_WARN_INFINITE_RECURSION = YES;
				CLANG_WARN_INT_CONVERSION = YES;
				CLANG_WARN_NON_LITERAL_NULL_CONVERSION = YES;
				CLANG_WARN_OBJC_IMPLICIT_RETAIN_SELF = YES;
				CLANG_WARN_OBJC_LITERAL_CONVERSION = YES;
				CLANG_WARN_OBJC_ROOT_CLASS = YES_ERROR;
				CLANG_WARN_RANGE_LOOP_ANALYSIS = YES;
				CLANG_WARN_STRICT_PROTOTYPES = YES;
				CLANG_WARN_SUSPICIOUS_MOVE = YES;
				CLANG_WARN_UNGUARDED_AVAILABILITY = YES_AGGRESSIVE;
				CLANG_WARN_UNREACHABLE_CODE = YES;
				CLANG_WARN__DUPLICATE_METHOD_MATCH = YES;
				COPY_PHASE_STRIP = NO;
				DEBUG_INFORMATION_FORMAT = "dwarf-with-dsym";
				ENABLE_NS_ASSERTIONS = NO;
				ENABLE_STRICT_OBJC_MSGSEND = YES;
				GCC_C_LANGUAGE_STANDARD = gnu11;
				GCC_NO_COMMON_BLOCKS = YES;
				GCC_WARN_64_TO_32_BIT_CONVERSION = YES;
				GCC_WARN_ABOUT_RETURN_TYPE = YES_ERROR;
				GCC_WARN_UNDECLARED_SELECTOR = YES;
				GCC_WARN_UNINITIALIZED_AUTOS = YES_AGGRESSIVE;
				GCC_WARN_UNUSED_FUNCTION = YES;
				GCC_WARN_UNUSED_VARIABLE = YES;
				IPHONEOS_DEPLOYMENT_TARGET = 13.4;
				MTL_ENABLE_DEBUG_INFO = NO;
				MTL_FAST_MATH = YES;
				SDKROOT = iphoneos;
				SWIFT_COMPILATION_MODE = wholemodule;
				SWIFT_OPTIMIZATION_LEVEL = "-O";
				VALIDATE_PRODUCT = YES;
			};
			name = Release;
		};
		FCB93B7D244C5A6C003CEF1F /* Debug */ = {
			isa = XCBuildConfiguration;
			buildSettings = {
				ALWAYS_EMBED_SWIFT_STANDARD_LIBRARIES = YES;
				ASSETCATALOG_COMPILER_APPICON_NAME = AppIcon;
				CODE_SIGN_ENTITLEMENTS = LegDay/LegDay.entitlements;
				CODE_SIGN_STYLE = Automatic;
				DEVELOPMENT_TEAM = 3SMXMP42NY;
				INFOPLIST_FILE = LegDay/Info.plist;
				IPHONEOS_DEPLOYMENT_TARGET = 13.0;
				LD_RUNPATH_SEARCH_PATHS = (
					"$(inherited)",
					"@executable_path/Frameworks",
				);
				PRODUCT_BUNDLE_IDENTIFIER = com.omrobbie.LegDay;
				PRODUCT_NAME = "$(TARGET_NAME)";
				SWIFT_VERSION = 5.0;
				TARGETED_DEVICE_FAMILY = "1,2";
			};
			name = Debug;
		};
		FCB93B7E244C5A6C003CEF1F /* Release */ = {
			isa = XCBuildConfiguration;
			buildSettings = {
				ALWAYS_EMBED_SWIFT_STANDARD_LIBRARIES = YES;
				ASSETCATALOG_COMPILER_APPICON_NAME = AppIcon;
				CODE_SIGN_ENTITLEMENTS = LegDay/LegDay.entitlements;
				CODE_SIGN_STYLE = Automatic;
				DEVELOPMENT_TEAM = 3SMXMP42NY;
				INFOPLIST_FILE = LegDay/Info.plist;
				IPHONEOS_DEPLOYMENT_TARGET = 13.0;
				LD_RUNPATH_SEARCH_PATHS = (
					"$(inherited)",
					"@executable_path/Frameworks",
				);
				PRODUCT_BUNDLE_IDENTIFIER = com.omrobbie.LegDay;
				PRODUCT_NAME = "$(TARGET_NAME)";
				SWIFT_VERSION = 5.0;
				TARGETED_DEVICE_FAMILY = "1,2";
			};
			name = Release;
		};
		FCB93B8D244C5F8C003CEF1F /* Debug */ = {
			isa = XCBuildConfiguration;
			buildSettings = {
				CODE_SIGN_STYLE = Automatic;
				DEVELOPMENT_TEAM = 3SMXMP42NY;
				INFOPLIST_FILE = IntentHandler/Info.plist;
				LD_RUNPATH_SEARCH_PATHS = (
					"$(inherited)",
					"@executable_path/Frameworks",
					"@executable_path/../../Frameworks",
				);
				PRODUCT_BUNDLE_IDENTIFIER = com.omrobbie.LegDay.IntentHandler;
				PRODUCT_NAME = "$(TARGET_NAME)";
				SKIP_INSTALL = YES;
				SWIFT_VERSION = 5.0;
				TARGETED_DEVICE_FAMILY = "1,2";
			};
			name = Debug;
		};
		FCB93B8E244C5F8C003CEF1F /* Release */ = {
			isa = XCBuildConfiguration;
			buildSettings = {
				CODE_SIGN_STYLE = Automatic;
				DEVELOPMENT_TEAM = 3SMXMP42NY;
				INFOPLIST_FILE = IntentHandler/Info.plist;
				LD_RUNPATH_SEARCH_PATHS = (
					"$(inherited)",
					"@executable_path/Frameworks",
					"@executable_path/../../Frameworks",
				);
				PRODUCT_BUNDLE_IDENTIFIER = com.omrobbie.LegDay.IntentHandler;
				PRODUCT_NAME = "$(TARGET_NAME)";
				SKIP_INSTALL = YES;
				SWIFT_VERSION = 5.0;
				TARGETED_DEVICE_FAMILY = "1,2";
			};
			name = Release;
		};
/* End XCBuildConfiguration section */

/* Begin XCConfigurationList section */
		FCB93B63244C5A6A003CEF1F /* Build configuration list for PBXProject "LegDay" */ = {
			isa = XCConfigurationList;
			buildConfigurations = (
				FCB93B7A244C5A6C003CEF1F /* Debug */,
				FCB93B7B244C5A6C003CEF1F /* Release */,
			);
			defaultConfigurationIsVisible = 0;
			defaultConfigurationName = Release;
		};
		FCB93B7C244C5A6C003CEF1F /* Build configuration list for PBXNativeTarget "LegDay" */ = {
			isa = XCConfigurationList;
			buildConfigurations = (
				FCB93B7D244C5A6C003CEF1F /* Debug */,
				FCB93B7E244C5A6C003CEF1F /* Release */,
			);
			defaultConfigurationIsVisible = 0;
			defaultConfigurationName = Release;
		};
		FCB93B8C244C5F8C003CEF1F /* Build configuration list for PBXNativeTarget "IntentHandler" */ = {
			isa = XCConfigurationList;
			buildConfigurations = (
				FCB93B8D244C5F8C003CEF1F /* Debug */,
				FCB93B8E244C5F8C003CEF1F /* Release */,
			);
			defaultConfigurationIsVisible = 0;
			defaultConfigurationName = Release;
		};
/* End XCConfigurationList section */
	};
	rootObject = FCB93B60244C5A6A003CEF1F /* Project object */;
}
