// !$*UTF8*$!
{
	archiveVersion = 1;
	classes = {
	};
	objectVersion = 51;
	objects = {

/* Begin PBXBuildFile section */
		C284F27430E3F96401A95D60 /* Pods_FirebaseSocial.framework in Frameworks */ = {isa = PBXBuildFile; fileRef = 2D9B11EC1341B696A75AD746 /* Pods_FirebaseSocial.framework */; };
		FC7EB3CD23F3F2800035EF82 /* AppDelegate.swift in Sources */ = {isa = PBXBuildFile; fileRef = FC7EB3CC23F3F2800035EF82 /* AppDelegate.swift */; };
		FC7EB3CF23F3F2800035EF82 /* SceneDelegate.swift in Sources */ = {isa = PBXBuildFile; fileRef = FC7EB3CE23F3F2800035EF82 /* SceneDelegate.swift */; };
		FC7EB3D123F3F2800035EF82 /* ViewController.swift in Sources */ = {isa = PBXBuildFile; fileRef = FC7EB3D023F3F2800035EF82 /* ViewController.swift */; };
		FC7EB3D423F3F2800035EF82 /* Main.storyboard in Resources */ = {isa = PBXBuildFile; fileRef = FC7EB3D223F3F2800035EF82 /* Main.storyboard */; };
		FC7EB3D623F3F2820035EF82 /* Assets.xcassets in Resources */ = {isa = PBXBuildFile; fileRef = FC7EB3D523F3F2820035EF82 /* Assets.xcassets */; };
		FC7EB3D923F3F2820035EF82 /* LaunchScreen.storyboard in Resources */ = {isa = PBXBuildFile; fileRef = FC7EB3D723F3F2820035EF82 /* LaunchScreen.storyboard */; };
		FC7EB3E123F3F3650035EF82 /* GoogleService-Info.plist in Resources */ = {isa = PBXBuildFile; fileRef = FC7EB3E023F3F3650035EF82 /* GoogleService-Info.plist */; };
/* End PBXBuildFile section */

/* Begin PBXFileReference section */
		2D9B11EC1341B696A75AD746 /* Pods_FirebaseSocial.framework */ = {isa = PBXFileReference; explicitFileType = wrapper.framework; includeInIndex = 0; path = Pods_FirebaseSocial.framework; sourceTree = BUILT_PRODUCTS_DIR; };
		ACE378ED02AC6EBA7A90B097 /* Pods-FirebaseSocial.release.xcconfig */ = {isa = PBXFileReference; includeInIndex = 1; lastKnownFileType = text.xcconfig; name = "Pods-FirebaseSocial.release.xcconfig"; path = "Target Support Files/Pods-FirebaseSocial/Pods-FirebaseSocial.release.xcconfig"; sourceTree = "<group>"; };
		F277A452130EFD5036AC6564 /* Pods-FirebaseSocial.debug.xcconfig */ = {isa = PBXFileReference; includeInIndex = 1; lastKnownFileType = text.xcconfig; name = "Pods-FirebaseSocial.debug.xcconfig"; path = "Target Support Files/Pods-FirebaseSocial/Pods-FirebaseSocial.debug.xcconfig"; sourceTree = "<group>"; };
		FC7EB3C923F3F2800035EF82 /* FirebaseSocial.app */ = {isa = PBXFileReference; explicitFileType = wrapper.application; includeInIndex = 0; path = FirebaseSocial.app; sourceTree = BUILT_PRODUCTS_DIR; };
		FC7EB3CC23F3F2800035EF82 /* AppDelegate.swift */ = {isa = PBXFileReference; lastKnownFileType = sourcecode.swift; path = AppDelegate.swift; sourceTree = "<group>"; };
		FC7EB3CE23F3F2800035EF82 /* SceneDelegate.swift */ = {isa = PBXFileReference; lastKnownFileType = sourcecode.swift; path = SceneDelegate.swift; sourceTree = "<group>"; };
		FC7EB3D023F3F2800035EF82 /* ViewController.swift */ = {isa = PBXFileReference; lastKnownFileType = sourcecode.swift; path = ViewController.swift; sourceTree = "<group>"; };
		FC7EB3D323F3F2800035EF82 /* Base */ = {isa = PBXFileReference; lastKnownFileType = file.storyboard; name = Base; path = Base.lproj/Main.storyboard; sourceTree = "<group>"; };
		FC7EB3D523F3F2820035EF82 /* Assets.xcassets */ = {isa = PBXFileReference; lastKnownFileType = folder.assetcatalog; path = Assets.xcassets; sourceTree = "<group>"; };
		FC7EB3D823F3F2820035EF82 /* Base */ = {isa = PBXFileReference; lastKnownFileType = file.storyboard; name = Base; path = Base.lproj/LaunchScreen.storyboard; sourceTree = "<group>"; };
		FC7EB3DA23F3F2820035EF82 /* Info.plist */ = {isa = PBXFileReference; lastKnownFileType = text.plist.xml; path = Info.plist; sourceTree = "<group>"; };
		FC7EB3E023F3F3650035EF82 /* GoogleService-Info.plist */ = {isa = PBXFileReference; fileEncoding = 4; lastKnownFileType = text.plist.xml; path = "GoogleService-Info.plist"; sourceTree = "<group>"; };
/* End PBXFileReference section */

/* Begin PBXFrameworksBuildPhase section */
		FC7EB3C623F3F2800035EF82 /* Frameworks */ = {
			isa = PBXFrameworksBuildPhase;
			buildActionMask = 2147483647;
			files = (
				C284F27430E3F96401A95D60 /* Pods_FirebaseSocial.framework in Frameworks */,
			);
			runOnlyForDeploymentPostprocessing = 0;
		};
/* End PBXFrameworksBuildPhase section */

/* Begin PBXGroup section */
		0D1D21D3B1990285F878EBFF /* Pods */ = {
			isa = PBXGroup;
			children = (
				F277A452130EFD5036AC6564 /* Pods-FirebaseSocial.debug.xcconfig */,
				ACE378ED02AC6EBA7A90B097 /* Pods-FirebaseSocial.release.xcconfig */,
			);
			path = Pods;
			sourceTree = "<group>";
		};
		AFF6A71C0F09B89AE6223B93 /* Frameworks */ = {
			isa = PBXGroup;
			children = (
				2D9B11EC1341B696A75AD746 /* Pods_FirebaseSocial.framework */,
			);
			name = Frameworks;
			sourceTree = "<group>";
		};
		FC7EB3C023F3F2800035EF82 = {
			isa = PBXGroup;
			children = (
				FC7EB3CB23F3F2800035EF82 /* FirebaseSocial */,
				FC7EB3CA23F3F2800035EF82 /* Products */,
				0D1D21D3B1990285F878EBFF /* Pods */,
				AFF6A71C0F09B89AE6223B93 /* Frameworks */,
			);
			sourceTree = "<group>";
		};
		FC7EB3CA23F3F2800035EF82 /* Products */ = {
			isa = PBXGroup;
			children = (
				FC7EB3C923F3F2800035EF82 /* FirebaseSocial.app */,
			);
			name = Products;
			sourceTree = "<group>";
		};
		FC7EB3CB23F3F2800035EF82 /* FirebaseSocial */ = {
			isa = PBXGroup;
			children = (
				FC7EB3CC23F3F2800035EF82 /* AppDelegate.swift */,
				FC7EB3CE23F3F2800035EF82 /* SceneDelegate.swift */,
				FC7EB3D023F3F2800035EF82 /* ViewController.swift */,
				FC7EB3D223F3F2800035EF82 /* Main.storyboard */,
				FC7EB3D523F3F2820035EF82 /* Assets.xcassets */,
				FC7EB3D723F3F2820035EF82 /* LaunchScreen.storyboard */,
				FC7EB3DA23F3F2820035EF82 /* Info.plist */,
				FC7EB3E023F3F3650035EF82 /* GoogleService-Info.plist */,
			);
			path = FirebaseSocial;
			sourceTree = "<group>";
		};
/* End PBXGroup section */

/* Begin PBXNativeTarget section */
		FC7EB3C823F3F2800035EF82 /* FirebaseSocial */ = {
			isa = PBXNativeTarget;
			buildConfigurationList = FC7EB3DD23F3F2820035EF82 /* Build configuration list for PBXNativeTarget "FirebaseSocial" */;
			buildPhases = (
				55DCE856A459B395FD6A5DE9 /* [CP] Check Pods Manifest.lock */,
				FC7EB3C523F3F2800035EF82 /* Sources */,
				FC7EB3C623F3F2800035EF82 /* Frameworks */,
				FC7EB3C723F3F2800035EF82 /* Resources */,
				2F6AC54233C87845CDB370EA /* [CP] Embed Pods Frameworks */,
				751D08714271BF10768E2B3D /* [CP] Copy Pods Resources */,
			);
			buildRules = (
			);
			dependencies = (
			);
			name = FirebaseSocial;
			productName = FirebaseSocial;
			productReference = FC7EB3C923F3F2800035EF82 /* FirebaseSocial.app */;
			productType = "com.apple.product-type.application";
		};
/* End PBXNativeTarget section */

/* Begin PBXProject section */
		FC7EB3C123F3F2800035EF82 /* Project object */ = {
			isa = PBXProject;
			attributes = {
				LastSwiftUpdateCheck = 1130;
				LastUpgradeCheck = 1130;
				ORGANIZATIONNAME = omrobbie;
				TargetAttributes = {
					FC7EB3C823F3F2800035EF82 = {
						CreatedOnToolsVersion = 11.3.1;
					};
				};
			};
			buildConfigurationList = FC7EB3C423F3F2800035EF82 /* Build configuration list for PBXProject "FirebaseSocial" */;
			compatibilityVersion = "Xcode 9.3";
			developmentRegion = en;
			hasScannedForEncodings = 0;
			knownRegions = (
				en,
				Base,
			);
			mainGroup = FC7EB3C023F3F2800035EF82;
			productRefGroup = FC7EB3CA23F3F2800035EF82 /* Products */;
			projectDirPath = "";
			projectRoot = "";
			targets = (
				FC7EB3C823F3F2800035EF82 /* FirebaseSocial */,
			);
		};
/* End PBXProject section */

/* Begin PBXResourcesBuildPhase section */
		FC7EB3C723F3F2800035EF82 /* Resources */ = {
			isa = PBXResourcesBuildPhase;
			buildActionMask = 2147483647;
			files = (
				FC7EB3D923F3F2820035EF82 /* LaunchScreen.storyboard in Resources */,
				FC7EB3E123F3F3650035EF82 /* GoogleService-Info.plist in Resources */,
				FC7EB3D623F3F2820035EF82 /* Assets.xcassets in Resources */,
				FC7EB3D423F3F2800035EF82 /* Main.storyboard in Resources */,
			);
			runOnlyForDeploymentPostprocessing = 0;
		};
/* End PBXResourcesBuildPhase section */

/* Begin PBXShellScriptBuildPhase section */
		2F6AC54233C87845CDB370EA /* [CP] Embed Pods Frameworks */ = {
			isa = PBXShellScriptBuildPhase;
			buildActionMask = 2147483647;
			files = (
			);
			inputFileListPaths = (
				"${PODS_ROOT}/Target Support Files/Pods-FirebaseSocial/Pods-FirebaseSocial-frameworks-${CONFIGURATION}-input-files.xcfilelist",
			);
			name = "[CP] Embed Pods Frameworks";
			outputFileListPaths = (
				"${PODS_ROOT}/Target Support Files/Pods-FirebaseSocial/Pods-FirebaseSocial-frameworks-${CONFIGURATION}-output-files.xcfilelist",
			);
			runOnlyForDeploymentPostprocessing = 0;
			shellPath = /bin/sh;
			shellScript = "\"${PODS_ROOT}/Target Support Files/Pods-FirebaseSocial/Pods-FirebaseSocial-frameworks.sh\"\n";
			showEnvVarsInLog = 0;
		};
		55DCE856A459B395FD6A5DE9 /* [CP] Check Pods Manifest.lock */ = {
			isa = PBXShellScriptBuildPhase;
			buildActionMask = 2147483647;
			files = (
			);
			inputFileListPaths = (
			);
			inputPaths = (
				"${PODS_PODFILE_DIR_PATH}/Podfile.lock",
				"${PODS_ROOT}/Manifest.lock",
			);
			name = "[CP] Check Pods Manifest.lock";
			outputFileListPaths = (
			);
			outputPaths = (
				"$(DERIVED_FILE_DIR)/Pods-FirebaseSocial-checkManifestLockResult.txt",
			);
			runOnlyForDeploymentPostprocessing = 0;
			shellPath = /bin/sh;
			shellScript = "diff \"${PODS_PODFILE_DIR_PATH}/Podfile.lock\" \"${PODS_ROOT}/Manifest.lock\" > /dev/null\nif [ $? != 0 ] ; then\n    # print error to STDERR\n    echo \"error: The sandbox is not in sync with the Podfile.lock. Run 'pod install' or update your CocoaPods installation.\" >&2\n    exit 1\nfi\n# This output is used by Xcode 'outputs' to avoid re-running this script phase.\necho \"SUCCESS\" > \"${SCRIPT_OUTPUT_FILE_0}\"\n";
			showEnvVarsInLog = 0;
		};
		751D08714271BF10768E2B3D /* [CP] Copy Pods Resources */ = {
			isa = PBXShellScriptBuildPhase;
			buildActionMask = 2147483647;
			files = (
			);
			inputFileListPaths = (
				"${PODS_ROOT}/Target Support Files/Pods-FirebaseSocial/Pods-FirebaseSocial-resources-${CONFIGURATION}-input-files.xcfilelist",
			);
			name = "[CP] Copy Pods Resources";
			outputFileListPaths = (
				"${PODS_ROOT}/Target Support Files/Pods-FirebaseSocial/Pods-FirebaseSocial-resources-${CONFIGURATION}-output-files.xcfilelist",
			);
			runOnlyForDeploymentPostprocessing = 0;
			shellPath = /bin/sh;
			shellScript = "\"${PODS_ROOT}/Target Support Files/Pods-FirebaseSocial/Pods-FirebaseSocial-resources.sh\"\n";
			showEnvVarsInLog = 0;
		};
/* End PBXShellScriptBuildPhase section */

/* Begin PBXSourcesBuildPhase section */
		FC7EB3C523F3F2800035EF82 /* Sources */ = {
			isa = PBXSourcesBuildPhase;
			buildActionMask = 2147483647;
			files = (
				FC7EB3D123F3F2800035EF82 /* ViewController.swift in Sources */,
				FC7EB3CD23F3F2800035EF82 /* AppDelegate.swift in Sources */,
				FC7EB3CF23F3F2800035EF82 /* SceneDelegate.swift in Sources */,
			);
			runOnlyForDeploymentPostprocessing = 0;
		};
/* End PBXSourcesBuildPhase section */

/* Begin PBXVariantGroup section */
		FC7EB3D223F3F2800035EF82 /* Main.storyboard */ = {
			isa = PBXVariantGroup;
			children = (
				FC7EB3D323F3F2800035EF82 /* Base */,
			);
			name = Main.storyboard;
			sourceTree = "<group>";
		};
		FC7EB3D723F3F2820035EF82 /* LaunchScreen.storyboard */ = {
			isa = PBXVariantGroup;
			children = (
				FC7EB3D823F3F2820035EF82 /* Base */,
			);
			name = LaunchScreen.storyboard;
			sourceTree = "<group>";
		};
/* End PBXVariantGroup section */

/* Begin XCBuildConfiguration section */
		FC7EB3DB23F3F2820035EF82 /* Debug */ = {
			isa = XCBuildConfiguration;
			buildSettings = {
				ALWAYS_SEARCH_USER_PATHS = NO;
				CLANG_ANALYZER_NONNULL = YES;
				CLANG_ANALYZER_NUMBER_OBJECT_CONVERSION = YES_AGGRESSIVE;
				CLANG_CXX_LANGUAGE_STANDARD = "gnu++14";
				CLANG_CXX_LIBRARY = "libc++";
				CLANG_ENABLE_MODULES = YES;
				CLANG_ENABLE_OBJC_ARC = YES;
				CLANG_ENABLE_OBJC_WEAK = YES;
				CLANG_WARN_BLOCK_CAPTURE_AUTORELEASING = YES;
				CLANG_WARN_BOOL_CONVERSION = YES;
				CLANG_WARN_COMMA = YES;
				CLANG_WARN_CONSTANT_CONVERSION = YES;
				CLANG_WARN_DEPRECATED_OBJC_IMPLEMENTATIONS = YES;
				CLANG_WARN_DIRECT_OBJC_ISA_USAGE = YES_ERROR;
				CLANG_WARN_DOCUMENTATION_COMMENTS = YES;
				CLANG_WARN_EMPTY_BODY = YES;
				CLANG_WARN_ENUM_CONVERSION = YES;
				CLANG_WARN_INFINITE_RECURSION = YES;
				CLANG_WARN_INT_CONVERSION = YES;
				CLANG_WARN_NON_LITERAL_NULL_CONVERSION = YES;
				CLANG_WARN_OBJC_IMPLICIT_RETAIN_SELF = YES;
				CLANG_WARN_OBJC_LITERAL_CONVERSION = YES;
				CLANG_WARN_OBJC_ROOT_CLASS = YES_ERROR;
				CLANG_WARN_RANGE_LOOP_ANALYSIS = YES;
				CLANG_WARN_STRICT_PROTOTYPES = YES;
				CLANG_WARN_SUSPICIOUS_MOVE = YES;
				CLANG_WARN_UNGUARDED_AVAILABILITY = YES_AGGRESSIVE;
				CLANG_WARN_UNREACHABLE_CODE = YES;
				CLANG_WARN__DUPLICATE_METHOD_MATCH = YES;
				COPY_PHASE_STRIP = NO;
				DEBUG_INFORMATION_FORMAT = dwarf;
				ENABLE_STRICT_OBJC_MSGSEND = YES;
				ENABLE_TESTABILITY = YES;
				GCC_C_LANGUAGE_STANDARD = gnu11;
				GCC_DYNAMIC_NO_PIC = NO;
				GCC_NO_COMMON_BLOCKS = YES;
				GCC_OPTIMIZATION_LEVEL = 0;
				GCC_PREPROCESSOR_DEFINITIONS = (
					"DEBUG=1",
					"$(inherited)",
				);
				GCC_WARN_64_TO_32_BIT_CONVERSION = YES;
				GCC_WARN_ABOUT_RETURN_TYPE = YES_ERROR;
				GCC_WARN_UNDECLARED_SELECTOR = YES;
				GCC_WARN_UNINITIALIZED_AUTOS = YES_AGGRESSIVE;
				GCC_WARN_UNUSED_FUNCTION = YES;
				GCC_WARN_UNUSED_VARIABLE = YES;
				IPHONEOS_DEPLOYMENT_TARGET = 13.2;
				MTL_ENABLE_DEBUG_INFO = INCLUDE_SOURCE;
				MTL_FAST_MATH = YES;
				ONLY_ACTIVE_ARCH = YES;
				SDKROOT = iphoneos;
				SWIFT_ACTIVE_COMPILATION_CONDITIONS = DEBUG;
				SWIFT_OPTIMIZATION_LEVEL = "-Onone";
			};
			name = Debug;
		};
		FC7EB3DC23F3F2820035EF82 /* Release */ = {
			isa = XCBuildConfiguration;
			buildSettings = {
				ALWAYS_SEARCH_USER_PATHS = NO;
				CLANG_ANALYZER_NONNULL = YES;
				CLANG_ANALYZER_NUMBER_OBJECT_CONVERSION = YES_AGGRESSIVE;
				CLANG_CXX_LANGUAGE_STANDARD = "gnu++14";
				CLANG_CXX_LIBRARY = "libc++";
				CLANG_ENABLE_MODULES = YES;
				CLANG_ENABLE_OBJC_ARC = YES;
				CLANG_ENABLE_OBJC_WEAK = YES;
				CLANG_WARN_BLOCK_CAPTURE_AUTORELEASING = YES;
				CLANG_WARN_BOOL_CONVERSION = YES;
				CLANG_WARN_COMMA = YES;
				CLANG_WARN_CONSTANT_CONVERSION = YES;
				CLANG_WARN_DEPRECATED_OBJC_IMPLEMENTATIONS = YES;
				CLANG_WARN_DIRECT_OBJC_ISA_USAGE = YES_ERROR;
				CLANG_WARN_DOCUMENTATION_COMMENTS = YES;
				CLANG_WARN_EMPTY_BODY = YES;
				CLANG_WARN_ENUM_CONVERSION = YES;
				CLANG_WARN_INFINITE_RECURSION = YES;
				CLANG_WARN_INT_CONVERSION = YES;
				CLANG_WARN_NON_LITERAL_NULL_CONVERSION = YES;
				CLANG_WARN_OBJC_IMPLICIT_RETAIN_SELF = YES;
				CLANG_WARN_OBJC_LITERAL_CONVERSION = YES;
				CLANG_WARN_OBJC_ROOT_CLASS = YES_ERROR;
				CLANG_WARN_RANGE_LOOP_ANALYSIS = YES;
				CLANG_WARN_STRICT_PROTOTYPES = YES;
				CLANG_WARN_SUSPICIOUS_MOVE = YES;
				CLANG_WARN_UNGUARDED_AVAILABILITY = YES_AGGRESSIVE;
				CLANG_WARN_UNREACHABLE_CODE = YES;
				CLANG_WARN__DUPLICATE_METHOD_MATCH = YES;
				COPY_PHASE_STRIP = NO;
				DEBUG_INFORMATION_FORMAT = "dwarf-with-dsym";
				ENABLE_NS_ASSERTIONS = NO;
				ENABLE_STRICT_OBJC_MSGSEND = YES;
				GCC_C_LANGUAGE_STANDARD = gnu11;
				GCC_NO_COMMON_BLOCKS = YES;
				GCC_WARN_64_TO_32_BIT_CONVERSION = YES;
				GCC_WARN_ABOUT_RETURN_TYPE = YES_ERROR;
				GCC_WARN_UNDECLARED_SELECTOR = YES;
				GCC_WARN_UNINITIALIZED_AUTOS = YES_AGGRESSIVE;
				GCC_WARN_UNUSED_FUNCTION = YES;
				GCC_WARN_UNUSED_VARIABLE = YES;
				IPHONEOS_DEPLOYMENT_TARGET = 13.2;
				MTL_ENABLE_DEBUG_INFO = NO;
				MTL_FAST_MATH = YES;
				SDKROOT = iphoneos;
				SWIFT_COMPILATION_MODE = wholemodule;
				SWIFT_OPTIMIZATION_LEVEL = "-O";
				VALIDATE_PRODUCT = YES;
			};
			name = Release;
		};
		FC7EB3DE23F3F2820035EF82 /* Debug */ = {
			isa = XCBuildConfiguration;
			baseConfigurationReference = F277A452130EFD5036AC6564 /* Pods-FirebaseSocial.debug.xcconfig */;
			buildSettings = {
				ASSETCATALOG_COMPILER_APPICON_NAME = AppIcon;
				CODE_SIGN_STYLE = Automatic;
				INFOPLIST_FILE = FirebaseSocial/Info.plist;
				LD_RUNPATH_SEARCH_PATHS = (
					"$(inherited)",
					"@executable_path/Frameworks",
				);
				PRODUCT_BUNDLE_IDENTIFIER = com.omrobbie.FirebaseSocial;
				PRODUCT_NAME = "$(TARGET_NAME)";
				SWIFT_VERSION = 5.0;
				TARGETED_DEVICE_FAMILY = "1,2";
			};
			name = Debug;
		};
		FC7EB3DF23F3F2820035EF82 /* Release */ = {
			isa = XCBuildConfiguration;
			baseConfigurationReference = ACE378ED02AC6EBA7A90B097 /* Pods-FirebaseSocial.release.xcconfig */;
			buildSettings = {
				ASSETCATALOG_COMPILER_APPICON_NAME = AppIcon;
				CODE_SIGN_STYLE = Automatic;
				INFOPLIST_FILE = FirebaseSocial/Info.plist;
				LD_RUNPATH_SEARCH_PATHS = (
					"$(inherited)",
					"@executable_path/Frameworks",
				);
				PRODUCT_BUNDLE_IDENTIFIER = com.omrobbie.FirebaseSocial;
				PRODUCT_NAME = "$(TARGET_NAME)";
				SWIFT_VERSION = 5.0;
				TARGETED_DEVICE_FAMILY = "1,2";
			};
			name = Release;
		};
/* End XCBuildConfiguration section */

/* Begin XCConfigurationList section */
		FC7EB3C423F3F2800035EF82 /* Build configuration list for PBXProject "FirebaseSocial" */ = {
			isa = XCConfigurationList;
			buildConfigurations = (
				FC7EB3DB23F3F2820035EF82 /* Debug */,
				FC7EB3DC23F3F2820035EF82 /* Release */,
			);
			defaultConfigurationIsVisible = 0;
			defaultConfigurationName = Release;
		};
		FC7EB3DD23F3F2820035EF82 /* Build configuration list for PBXNativeTarget "FirebaseSocial" */ = {
			isa = XCConfigurationList;
			buildConfigurations = (
				FC7EB3DE23F3F2820035EF82 /* Debug */,
				FC7EB3DF23F3F2820035EF82 /* Release */,
			);
			defaultConfigurationIsVisible = 0;
			defaultConfigurationName = Release;
		};
/* End XCConfigurationList section */
	};
	rootObject = FC7EB3C123F3F2800035EF82 /* Project object */;
}
