// !$*UTF8*$!
{
	archiveVersion = 1;
	classes = {
	};
	objectVersion = 50;
	objects = {

/* Begin PBXBuildFile section */
		FC2D1E6A23E1213C00F57D77 /* AppDelegate.swift in Sources */ = {isa = PBXBuildFile; fileRef = FC2D1E6923E1213C00F57D77 /* AppDelegate.swift */; };
		FC2D1E6C23E1213C00F57D77 /* SceneDelegate.swift in Sources */ = {isa = PBXBuildFile; fileRef = FC2D1E6B23E1213C00F57D77 /* SceneDelegate.swift */; };
		FC2D1E6E23E1213C00F57D77 /* GoalsVC.swift in Sources */ = {isa = PBXBuildFile; fileRef = FC2D1E6D23E1213C00F57D77 /* GoalsVC.swift */; };
		FC2D1E7123E1213C00F57D77 /* Main.storyboard in Resources */ = {isa = PBXBuildFile; fileRef = FC2D1E6F23E1213C00F57D77 /* Main.storyboard */; };
		FC2D1E7423E1213C00F57D77 /* goalpost_app.xcdatamodeld in Sources */ = {isa = PBXBuildFile; fileRef = FC2D1E7223E1213C00F57D77 /* goalpost_app.xcdatamodeld */; };
		FC2D1E7623E1213D00F57D77 /* Assets.xcassets in Resources */ = {isa = PBXBuildFile; fileRef = FC2D1E7523E1213D00F57D77 /* Assets.xcassets */; };
		FC2D1E7923E1213D00F57D77 /* LaunchScreen.storyboard in Resources */ = {isa = PBXBuildFile; fileRef = FC2D1E7723E1213D00F57D77 /* LaunchScreen.storyboard */; };
		FC2D1E8623E12BBA00F57D77 /* GoalCell.swift in Sources */ = {isa = PBXBuildFile; fileRef = FC2D1E8523E12BBA00F57D77 /* GoalCell.swift */; };
/* End PBXBuildFile section */

/* Begin PBXFileReference section */
		FC2D1E6623E1213C00F57D77 /* goalpost-app.app */ = {isa = PBXFileReference; explicitFileType = wrapper.application; includeInIndex = 0; path = "goalpost-app.app"; sourceTree = BUILT_PRODUCTS_DIR; };
		FC2D1E6923E1213C00F57D77 /* AppDelegate.swift */ = {isa = PBXFileReference; lastKnownFileType = sourcecode.swift; path = AppDelegate.swift; sourceTree = "<group>"; };
		FC2D1E6B23E1213C00F57D77 /* SceneDelegate.swift */ = {isa = PBXFileReference; lastKnownFileType = sourcecode.swift; path = SceneDelegate.swift; sourceTree = "<group>"; };
		FC2D1E6D23E1213C00F57D77 /* GoalsVC.swift */ = {isa = PBXFileReference; lastKnownFileType = sourcecode.swift; path = GoalsVC.swift; sourceTree = "<group>"; };
		FC2D1E7023E1213C00F57D77 /* Base */ = {isa = PBXFileReference; lastKnownFileType = file.storyboard; name = Base; path = Base.lproj/Main.storyboard; sourceTree = "<group>"; };
		FC2D1E7323E1213C00F57D77 /* goalpost_app.xcdatamodel */ = {isa = PBXFileReference; lastKnownFileType = wrapper.xcdatamodel; path = goalpost_app.xcdatamodel; sourceTree = "<group>"; };
		FC2D1E7523E1213D00F57D77 /* Assets.xcassets */ = {isa = PBXFileReference; lastKnownFileType = folder.assetcatalog; path = Assets.xcassets; sourceTree = "<group>"; };
		FC2D1E7823E1213D00F57D77 /* Base */ = {isa = PBXFileReference; lastKnownFileType = file.storyboard; name = Base; path = Base.lproj/LaunchScreen.storyboard; sourceTree = "<group>"; };
		FC2D1E7A23E1213D00F57D77 /* Info.plist */ = {isa = PBXFileReference; lastKnownFileType = text.plist.xml; path = Info.plist; sourceTree = "<group>"; };
		FC2D1E8523E12BBA00F57D77 /* GoalCell.swift */ = {isa = PBXFileReference; lastKnownFileType = sourcecode.swift; path = GoalCell.swift; sourceTree = "<group>"; };
/* End PBXFileReference section */

/* Begin PBXFrameworksBuildPhase section */
		FC2D1E6323E1213C00F57D77 /* Frameworks */ = {
			isa = PBXFrameworksBuildPhase;
			buildActionMask = 2147483647;
			files = (
			);
			runOnlyForDeploymentPostprocessing = 0;
		};
/* End PBXFrameworksBuildPhase section */

/* Begin PBXGroup section */
		FC2D1E5D23E1213C00F57D77 = {
			isa = PBXGroup;
			children = (
				FC2D1E6823E1213C00F57D77 /* goalpost-app */,
				FC2D1E6723E1213C00F57D77 /* Products */,
			);
			sourceTree = "<group>";
		};
		FC2D1E6723E1213C00F57D77 /* Products */ = {
			isa = PBXGroup;
			children = (
				FC2D1E6623E1213C00F57D77 /* goalpost-app.app */,
			);
			name = Products;
			sourceTree = "<group>";
		};
		FC2D1E6823E1213C00F57D77 /* goalpost-app */ = {
			isa = PBXGroup;
			children = (
				FC2D1E8423E1219F00F57D77 /* Extensions */,
				FC2D1E8323E1219600F57D77 /* Enums */,
				FC2D1E8223E1217900F57D77 /* Model */,
				FC2D1E8123E1217400F57D77 /* View */,
				FC2D1E8023E1216A00F57D77 /* Controller */,
				FC2D1E6923E1213C00F57D77 /* AppDelegate.swift */,
				FC2D1E6B23E1213C00F57D77 /* SceneDelegate.swift */,
				FC2D1E6F23E1213C00F57D77 /* Main.storyboard */,
				FC2D1E7523E1213D00F57D77 /* Assets.xcassets */,
				FC2D1E7723E1213D00F57D77 /* LaunchScreen.storyboard */,
				FC2D1E7A23E1213D00F57D77 /* Info.plist */,
			);
			path = "goalpost-app";
			sourceTree = "<group>";
		};
		FC2D1E8023E1216A00F57D77 /* Controller */ = {
			isa = PBXGroup;
			children = (
				FC2D1E6D23E1213C00F57D77 /* GoalsVC.swift */,
			);
			path = Controller;
			sourceTree = "<group>";
		};
		FC2D1E8123E1217400F57D77 /* View */ = {
			isa = PBXGroup;
			children = (
				FC2D1E8523E12BBA00F57D77 /* GoalCell.swift */,
			);
			path = View;
			sourceTree = "<group>";
		};
		FC2D1E8223E1217900F57D77 /* Model */ = {
			isa = PBXGroup;
			children = (
				FC2D1E7223E1213C00F57D77 /* goalpost_app.xcdatamodeld */,
			);
			path = Model;
			sourceTree = "<group>";
		};
		FC2D1E8323E1219600F57D77 /* Enums */ = {
			isa = PBXGroup;
			children = (
			);
			path = Enums;
			sourceTree = "<group>";
		};
		FC2D1E8423E1219F00F57D77 /* Extensions */ = {
			isa = PBXGroup;
			children = (
			);
			path = Extensions;
			sourceTree = "<group>";
		};
/* End PBXGroup section */

/* Begin PBXNativeTarget section */
		FC2D1E6523E1213C00F57D77 /* goalpost-app */ = {
			isa = PBXNativeTarget;
			buildConfigurationList = FC2D1E7D23E1213D00F57D77 /* Build configuration list for PBXNativeTarget "goalpost-app" */;
			buildPhases = (
				FC2D1E6223E1213C00F57D77 /* Sources */,
				FC2D1E6323E1213C00F57D77 /* Frameworks */,
				FC2D1E6423E1213C00F57D77 /* Resources */,
			);
			buildRules = (
			);
			dependencies = (
			);
			name = "goalpost-app";
			productName = "goalpost-app";
			productReference = FC2D1E6623E1213C00F57D77 /* goalpost-app.app */;
			productType = "com.apple.product-type.application";
		};
/* End PBXNativeTarget section */

/* Begin PBXProject section */
		FC2D1E5E23E1213C00F57D77 /* Project object */ = {
			isa = PBXProject;
			attributes = {
				LastSwiftUpdateCheck = 1130;
				LastUpgradeCheck = 1130;
				ORGANIZATIONNAME = omrobbie;
				TargetAttributes = {
					FC2D1E6523E1213C00F57D77 = {
						CreatedOnToolsVersion = 11.3.1;
					};
				};
			};
			buildConfigurationList = FC2D1E6123E1213C00F57D77 /* Build configuration list for PBXProject "goalpost-app" */;
			compatibilityVersion = "Xcode 9.3";
			developmentRegion = en;
			hasScannedForEncodings = 0;
			knownRegions = (
				en,
				Base,
			);
			mainGroup = FC2D1E5D23E1213C00F57D77;
			productRefGroup = FC2D1E6723E1213C00F57D77 /* Products */;
			projectDirPath = "";
			projectRoot = "";
			targets = (
				FC2D1E6523E1213C00F57D77 /* goalpost-app */,
			);
		};
/* End PBXProject section */

/* Begin PBXResourcesBuildPhase section */
		FC2D1E6423E1213C00F57D77 /* Resources */ = {
			isa = PBXResourcesBuildPhase;
			buildActionMask = 2147483647;
			files = (
				FC2D1E7923E1213D00F57D77 /* LaunchScreen.storyboard in Resources */,
				FC2D1E7623E1213D00F57D77 /* Assets.xcassets in Resources */,
				FC2D1E7123E1213C00F57D77 /* Main.storyboard in Resources */,
			);
			runOnlyForDeploymentPostprocessing = 0;
		};
/* End PBXResourcesBuildPhase section */

/* Begin PBXSourcesBuildPhase section */
		FC2D1E6223E1213C00F57D77 /* Sources */ = {
			isa = PBXSourcesBuildPhase;
			buildActionMask = 2147483647;
			files = (
				FC2D1E6E23E1213C00F57D77 /* GoalsVC.swift in Sources */,
				FC2D1E6A23E1213C00F57D77 /* AppDelegate.swift in Sources */,
				FC2D1E7423E1213C00F57D77 /* goalpost_app.xcdatamodeld in Sources */,
				FC2D1E8623E12BBA00F57D77 /* GoalCell.swift in Sources */,
				FC2D1E6C23E1213C00F57D77 /* SceneDelegate.swift in Sources */,
			);
			runOnlyForDeploymentPostprocessing = 0;
		};
/* End PBXSourcesBuildPhase section */

/* Begin PBXVariantGroup section */
		FC2D1E6F23E1213C00F57D77 /* Main.storyboard */ = {
			isa = PBXVariantGroup;
			children = (
				FC2D1E7023E1213C00F57D77 /* Base */,
			);
			name = Main.storyboard;
			sourceTree = "<group>";
		};
		FC2D1E7723E1213D00F57D77 /* LaunchScreen.storyboard */ = {
			isa = PBXVariantGroup;
			children = (
				FC2D1E7823E1213D00F57D77 /* Base */,
			);
			name = LaunchScreen.storyboard;
			sourceTree = "<group>";
		};
/* End PBXVariantGroup section */

/* Begin XCBuildConfiguration section */
		FC2D1E7B23E1213D00F57D77 /* Debug */ = {
			isa = XCBuildConfiguration;
			buildSettings = {
				ALWAYS_SEARCH_USER_PATHS = NO;
				CLANG_ANALYZER_NONNULL = YES;
				CLANG_ANALYZER_NUMBER_OBJECT_CONVERSION = YES_AGGRESSIVE;
				CLANG_CXX_LANGUAGE_STANDARD = "gnu++14";
				CLANG_CXX_LIBRARY = "libc++";
				CLANG_ENABLE_MODULES = YES;
				CLANG_ENABLE_OBJC_ARC = YES;
				CLANG_ENABLE_OBJC_WEAK = YES;
				CLANG_WARN_BLOCK_CAPTURE_AUTORELEASING = YES;
				CLANG_WARN_BOOL_CONVERSION = YES;
				CLANG_WARN_COMMA = YES;
				CLANG_WARN_CONSTANT_CONVERSION = YES;
				CLANG_WARN_DEPRECATED_OBJC_IMPLEMENTATIONS = YES;
				CLANG_WARN_DIRECT_OBJC_ISA_USAGE = YES_ERROR;
				CLANG_WARN_DOCUMENTATION_COMMENTS = YES;
				CLANG_WARN_EMPTY_BODY = YES;
				CLANG_WARN_ENUM_CONVERSION = YES;
				CLANG_WARN_INFINITE_RECURSION = YES;
				CLANG_WARN_INT_CONVERSION = YES;
				CLANG_WARN_NON_LITERAL_NULL_CONVERSION = YES;
				CLANG_WARN_OBJC_IMPLICIT_RETAIN_SELF = YES;
				CLANG_WARN_OBJC_LITERAL_CONVERSION = YES;
				CLANG_WARN_OBJC_ROOT_CLASS = YES_ERROR;
				CLANG_WARN_RANGE_LOOP_ANALYSIS = YES;
				CLANG_WARN_STRICT_PROTOTYPES = YES;
				CLANG_WARN_SUSPICIOUS_MOVE = YES;
				CLANG_WARN_UNGUARDED_AVAILABILITY = YES_AGGRESSIVE;
				CLANG_WARN_UNREACHABLE_CODE = YES;
				CLANG_WARN__DUPLICATE_METHOD_MATCH = YES;
				COPY_PHASE_STRIP = NO;
				DEBUG_INFORMATION_FORMAT = dwarf;
				ENABLE_STRICT_OBJC_MSGSEND = YES;
				ENABLE_TESTABILITY = YES;
				GCC_C_LANGUAGE_STANDARD = gnu11;
				GCC_DYNAMIC_NO_PIC = NO;
				GCC_NO_COMMON_BLOCKS = YES;
				GCC_OPTIMIZATION_LEVEL = 0;
				GCC_PREPROCESSOR_DEFINITIONS = (
					"DEBUG=1",
					"$(inherited)",
				);
				GCC_WARN_64_TO_32_BIT_CONVERSION = YES;
				GCC_WARN_ABOUT_RETURN_TYPE = YES_ERROR;
				GCC_WARN_UNDECLARED_SELECTOR = YES;
				GCC_WARN_UNINITIALIZED_AUTOS = YES_AGGRESSIVE;
				GCC_WARN_UNUSED_FUNCTION = YES;
				GCC_WARN_UNUSED_VARIABLE = YES;
				IPHONEOS_DEPLOYMENT_TARGET = 13.2;
				MTL_ENABLE_DEBUG_INFO = INCLUDE_SOURCE;
				MTL_FAST_MATH = YES;
				ONLY_ACTIVE_ARCH = YES;
				SDKROOT = iphoneos;
				SWIFT_ACTIVE_COMPILATION_CONDITIONS = DEBUG;
				SWIFT_OPTIMIZATION_LEVEL = "-Onone";
			};
			name = Debug;
		};
		FC2D1E7C23E1213D00F57D77 /* Release */ = {
			isa = XCBuildConfiguration;
			buildSettings = {
				ALWAYS_SEARCH_USER_PATHS = NO;
				CLANG_ANALYZER_NONNULL = YES;
				CLANG_ANALYZER_NUMBER_OBJECT_CONVERSION = YES_AGGRESSIVE;
				CLANG_CXX_LANGUAGE_STANDARD = "gnu++14";
				CLANG_CXX_LIBRARY = "libc++";
				CLANG_ENABLE_MODULES = YES;
				CLANG_ENABLE_OBJC_ARC = YES;
				CLANG_ENABLE_OBJC_WEAK = YES;
				CLANG_WARN_BLOCK_CAPTURE_AUTORELEASING = YES;
				CLANG_WARN_BOOL_CONVERSION = YES;
				CLANG_WARN_COMMA = YES;
				CLANG_WARN_CONSTANT_CONVERSION = YES;
				CLANG_WARN_DEPRECATED_OBJC_IMPLEMENTATIONS = YES;
				CLANG_WARN_DIRECT_OBJC_ISA_USAGE = YES_ERROR;
				CLANG_WARN_DOCUMENTATION_COMMENTS = YES;
				CLANG_WARN_EMPTY_BODY = YES;
				CLANG_WARN_ENUM_CONVERSION = YES;
				CLANG_WARN_INFINITE_RECURSION = YES;
				CLANG_WARN_INT_CONVERSION = YES;
				CLANG_WARN_NON_LITERAL_NULL_CONVERSION = YES;
				CLANG_WARN_OBJC_IMPLICIT_RETAIN_SELF = YES;
				CLANG_WARN_OBJC_LITERAL_CONVERSION = YES;
				CLANG_WARN_OBJC_ROOT_CLASS = YES_ERROR;
				CLANG_WARN_RANGE_LOOP_ANALYSIS = YES;
				CLANG_WARN_STRICT_PROTOTYPES = YES;
				CLANG_WARN_SUSPICIOUS_MOVE = YES;
				CLANG_WARN_UNGUARDED_AVAILABILITY = YES_AGGRESSIVE;
				CLANG_WARN_UNREACHABLE_CODE = YES;
				CLANG_WARN__DUPLICATE_METHOD_MATCH = YES;
				COPY_PHASE_STRIP = NO;
				DEBUG_INFORMATION_FORMAT = "dwarf-with-dsym";
				ENABLE_NS_ASSERTIONS = NO;
				ENABLE_STRICT_OBJC_MSGSEND = YES;
				GCC_C_LANGUAGE_STANDARD = gnu11;
				GCC_NO_COMMON_BLOCKS = YES;
				GCC_WARN_64_TO_32_BIT_CONVERSION = YES;
				GCC_WARN_ABOUT_RETURN_TYPE = YES_ERROR;
				GCC_WARN_UNDECLARED_SELECTOR = YES;
				GCC_WARN_UNINITIALIZED_AUTOS = YES_AGGRESSIVE;
				GCC_WARN_UNUSED_FUNCTION = YES;
				GCC_WARN_UNUSED_VARIABLE = YES;
				IPHONEOS_DEPLOYMENT_TARGET = 13.2;
				MTL_ENABLE_DEBUG_INFO = NO;
				MTL_FAST_MATH = YES;
				SDKROOT = iphoneos;
				SWIFT_COMPILATION_MODE = wholemodule;
				SWIFT_OPTIMIZATION_LEVEL = "-O";
				VALIDATE_PRODUCT = YES;
			};
			name = Release;
		};
		FC2D1E7E23E1213D00F57D77 /* Debug */ = {
			isa = XCBuildConfiguration;
			buildSettings = {
				ASSETCATALOG_COMPILER_APPICON_NAME = AppIcon;
				CODE_SIGN_STYLE = Automatic;
				INFOPLIST_FILE = "goalpost-app/Info.plist";
				LD_RUNPATH_SEARCH_PATHS = (
					"$(inherited)",
					"@executable_path/Frameworks",
				);
				PRODUCT_BUNDLE_IDENTIFIER = "com.omrobbie.goalpost-app";
				PRODUCT_NAME = "$(TARGET_NAME)";
				SWIFT_VERSION = 5.0;
				TARGETED_DEVICE_FAMILY = "1,2";
			};
			name = Debug;
		};
		FC2D1E7F23E1213D00F57D77 /* Release */ = {
			isa = XCBuildConfiguration;
			buildSettings = {
				ASSETCATALOG_COMPILER_APPICON_NAME = AppIcon;
				CODE_SIGN_STYLE = Automatic;
				INFOPLIST_FILE = "goalpost-app/Info.plist";
				LD_RUNPATH_SEARCH_PATHS = (
					"$(inherited)",
					"@executable_path/Frameworks",
				);
				PRODUCT_BUNDLE_IDENTIFIER = "com.omrobbie.goalpost-app";
				PRODUCT_NAME = "$(TARGET_NAME)";
				SWIFT_VERSION = 5.0;
				TARGETED_DEVICE_FAMILY = "1,2";
			};
			name = Release;
		};
/* End XCBuildConfiguration section */

/* Begin XCConfigurationList section */
		FC2D1E6123E1213C00F57D77 /* Build configuration list for PBXProject "goalpost-app" */ = {
			isa = XCConfigurationList;
			buildConfigurations = (
				FC2D1E7B23E1213D00F57D77 /* Debug */,
				FC2D1E7C23E1213D00F57D77 /* Release */,
			);
			defaultConfigurationIsVisible = 0;
			defaultConfigurationName = Release;
		};
		FC2D1E7D23E1213D00F57D77 /* Build configuration list for PBXNativeTarget "goalpost-app" */ = {
			isa = XCConfigurationList;
			buildConfigurations = (
				FC2D1E7E23E1213D00F57D77 /* Debug */,
				FC2D1E7F23E1213D00F57D77 /* Release */,
			);
			defaultConfigurationIsVisible = 0;
			defaultConfigurationName = Release;
		};
/* End XCConfigurationList section */

/* Begin XCVersionGroup section */
		FC2D1E7223E1213C00F57D77 /* goalpost_app.xcdatamodeld */ = {
			isa = XCVersionGroup;
			children = (
				FC2D1E7323E1213C00F57D77 /* goalpost_app.xcdatamodel */,
			);
			currentVersion = FC2D1E7323E1213C00F57D77 /* goalpost_app.xcdatamodel */;
			path = goalpost_app.xcdatamodeld;
			sourceTree = "<group>";
			versionGroupType = wrapper.xcdatamodel;
		};
/* End XCVersionGroup section */
	};
	rootObject = FC2D1E5E23E1213C00F57D77 /* Project object */;
}
