// !$*UTF8*$!
{
	archiveVersion = 1;
	classes = {
	};
	objectVersion = 51;
	objects = {

/* Begin PBXBuildFile section */
		81B7776FD161360F95FB7438 /* Pods_Threads.framework in Frameworks */ = {isa = PBXBuildFile; fileRef = 710564D81ABA16195C464027 /* Pods_Threads.framework */; };
		FC2D1EE523E2737F00F57D77 /* AppDelegate.swift in Sources */ = {isa = PBXBuildFile; fileRef = FC2D1EE423E2737F00F57D77 /* AppDelegate.swift */; };
		FC2D1EE723E2737F00F57D77 /* SceneDelegate.swift in Sources */ = {isa = PBXBuildFile; fileRef = FC2D1EE623E2737F00F57D77 /* SceneDelegate.swift */; };
		FC2D1EE923E2737F00F57D77 /* BeginRunVC.swift in Sources */ = {isa = PBXBuildFile; fileRef = FC2D1EE823E2737F00F57D77 /* BeginRunVC.swift */; };
		FC2D1EEB23E2737F00F57D77 /* RunLogVC.swift in Sources */ = {isa = PBXBuildFile; fileRef = FC2D1EEA23E2737F00F57D77 /* RunLogVC.swift */; };
		FC2D1EEE23E2737F00F57D77 /* Main.storyboard in Resources */ = {isa = PBXBuildFile; fileRef = FC2D1EEC23E2737F00F57D77 /* Main.storyboard */; };
		FC2D1EF023E2738000F57D77 /* Assets.xcassets in Resources */ = {isa = PBXBuildFile; fileRef = FC2D1EEF23E2738000F57D77 /* Assets.xcassets */; };
		FC2D1EF323E2738000F57D77 /* LaunchScreen.storyboard in Resources */ = {isa = PBXBuildFile; fileRef = FC2D1EF123E2738000F57D77 /* LaunchScreen.storyboard */; };
		FC2D1EFE23E2A93A00F57D77 /* LocationVC.swift in Sources */ = {isa = PBXBuildFile; fileRef = FC2D1EFD23E2A93A00F57D77 /* LocationVC.swift */; };
		FC2D1F0023E2B25500F57D77 /* CurrentRunVC.swift in Sources */ = {isa = PBXBuildFile; fileRef = FC2D1EFF23E2B25500F57D77 /* CurrentRunVC.swift */; };
		FCD735AB23E2BEDA005BBF70 /* Extensions.swift in Sources */ = {isa = PBXBuildFile; fileRef = FCD735AA23E2BEDA005BBF70 /* Extensions.swift */; };
		FCD735AD23E30EAF005BBF70 /* Run.swift in Sources */ = {isa = PBXBuildFile; fileRef = FCD735AC23E30EAF005BBF70 /* Run.swift */; };
		FCD735B023E31391005BBF70 /* Constants.swift in Sources */ = {isa = PBXBuildFile; fileRef = FCD735AF23E31391005BBF70 /* Constants.swift */; };
/* End PBXBuildFile section */

/* Begin PBXFileReference section */
		3789335D996375D115B615C5 /* Pods-Threads.release.xcconfig */ = {isa = PBXFileReference; includeInIndex = 1; lastKnownFileType = text.xcconfig; name = "Pods-Threads.release.xcconfig"; path = "Target Support Files/Pods-Threads/Pods-Threads.release.xcconfig"; sourceTree = "<group>"; };
		710564D81ABA16195C464027 /* Pods_Threads.framework */ = {isa = PBXFileReference; explicitFileType = wrapper.framework; includeInIndex = 0; path = Pods_Threads.framework; sourceTree = BUILT_PRODUCTS_DIR; };
		E561371FD716906A5979E3E4 /* Pods-Threads.debug.xcconfig */ = {isa = PBXFileReference; includeInIndex = 1; lastKnownFileType = text.xcconfig; name = "Pods-Threads.debug.xcconfig"; path = "Target Support Files/Pods-Threads/Pods-Threads.debug.xcconfig"; sourceTree = "<group>"; };
		FC2D1EE123E2737F00F57D77 /* Threads.app */ = {isa = PBXFileReference; explicitFileType = wrapper.application; includeInIndex = 0; path = Threads.app; sourceTree = BUILT_PRODUCTS_DIR; };
		FC2D1EE423E2737F00F57D77 /* AppDelegate.swift */ = {isa = PBXFileReference; lastKnownFileType = sourcecode.swift; path = AppDelegate.swift; sourceTree = "<group>"; };
		FC2D1EE623E2737F00F57D77 /* SceneDelegate.swift */ = {isa = PBXFileReference; lastKnownFileType = sourcecode.swift; path = SceneDelegate.swift; sourceTree = "<group>"; };
		FC2D1EE823E2737F00F57D77 /* BeginRunVC.swift */ = {isa = PBXFileReference; lastKnownFileType = sourcecode.swift; path = BeginRunVC.swift; sourceTree = "<group>"; };
		FC2D1EEA23E2737F00F57D77 /* RunLogVC.swift */ = {isa = PBXFileReference; lastKnownFileType = sourcecode.swift; path = RunLogVC.swift; sourceTree = "<group>"; };
		FC2D1EED23E2737F00F57D77 /* Base */ = {isa = PBXFileReference; lastKnownFileType = file.storyboard; name = Base; path = Base.lproj/Main.storyboard; sourceTree = "<group>"; };
		FC2D1EEF23E2738000F57D77 /* Assets.xcassets */ = {isa = PBXFileReference; lastKnownFileType = folder.assetcatalog; path = Assets.xcassets; sourceTree = "<group>"; };
		FC2D1EF223E2738000F57D77 /* Base */ = {isa = PBXFileReference; lastKnownFileType = file.storyboard; name = Base; path = Base.lproj/LaunchScreen.storyboard; sourceTree = "<group>"; };
		FC2D1EF423E2738000F57D77 /* Info.plist */ = {isa = PBXFileReference; lastKnownFileType = text.plist.xml; path = Info.plist; sourceTree = "<group>"; };
		FC2D1EFD23E2A93A00F57D77 /* LocationVC.swift */ = {isa = PBXFileReference; lastKnownFileType = sourcecode.swift; path = LocationVC.swift; sourceTree = "<group>"; };
		FC2D1EFF23E2B25500F57D77 /* CurrentRunVC.swift */ = {isa = PBXFileReference; lastKnownFileType = sourcecode.swift; path = CurrentRunVC.swift; sourceTree = "<group>"; };
		FCD735AA23E2BEDA005BBF70 /* Extensions.swift */ = {isa = PBXFileReference; lastKnownFileType = sourcecode.swift; path = Extensions.swift; sourceTree = "<group>"; };
		FCD735AC23E30EAF005BBF70 /* Run.swift */ = {isa = PBXFileReference; lastKnownFileType = sourcecode.swift; path = Run.swift; sourceTree = "<group>"; };
		FCD735AF23E31391005BBF70 /* Constants.swift */ = {isa = PBXFileReference; lastKnownFileType = sourcecode.swift; path = Constants.swift; sourceTree = "<group>"; };
/* End PBXFileReference section */

/* Begin PBXFrameworksBuildPhase section */
		FC2D1EDE23E2737F00F57D77 /* Frameworks */ = {
			isa = PBXFrameworksBuildPhase;
			buildActionMask = 2147483647;
			files = (
				81B7776FD161360F95FB7438 /* Pods_Threads.framework in Frameworks */,
			);
			runOnlyForDeploymentPostprocessing = 0;
		};
/* End PBXFrameworksBuildPhase section */

/* Begin PBXGroup section */
		27E97C308A355E10D2FC1D18 /* Frameworks */ = {
			isa = PBXGroup;
			children = (
				710564D81ABA16195C464027 /* Pods_Threads.framework */,
			);
			name = Frameworks;
			sourceTree = "<group>";
		};
		F168D1A7CBEF299E1DC30EE2 /* Pods */ = {
			isa = PBXGroup;
			children = (
				E561371FD716906A5979E3E4 /* Pods-Threads.debug.xcconfig */,
				3789335D996375D115B615C5 /* Pods-Threads.release.xcconfig */,
			);
			path = Pods;
			sourceTree = "<group>";
		};
		FC2D1ED823E2737F00F57D77 = {
			isa = PBXGroup;
			children = (
				FC2D1EE323E2737F00F57D77 /* Threads */,
				FC2D1EE223E2737F00F57D77 /* Products */,
				F168D1A7CBEF299E1DC30EE2 /* Pods */,
				27E97C308A355E10D2FC1D18 /* Frameworks */,
			);
			sourceTree = "<group>";
		};
		FC2D1EE223E2737F00F57D77 /* Products */ = {
			isa = PBXGroup;
			children = (
				FC2D1EE123E2737F00F57D77 /* Threads.app */,
			);
			name = Products;
			sourceTree = "<group>";
		};
		FC2D1EE323E2737F00F57D77 /* Threads */ = {
			isa = PBXGroup;
			children = (
				FCD735AE23E31380005BBF70 /* Utilities */,
				FCD735A923E2BEC8005BBF70 /* Extensions */,
				FC2D1EFC23E28AA300F57D77 /* Model */,
				FC2D1EFB23E28A9E00F57D77 /* View */,
				FC2D1EFA23E28A9600F57D77 /* Controller */,
				FC2D1EE423E2737F00F57D77 /* AppDelegate.swift */,
				FC2D1EE623E2737F00F57D77 /* SceneDelegate.swift */,
				FC2D1EEC23E2737F00F57D77 /* Main.storyboard */,
				FC2D1EEF23E2738000F57D77 /* Assets.xcassets */,
				FC2D1EF123E2738000F57D77 /* LaunchScreen.storyboard */,
				FC2D1EF423E2738000F57D77 /* Info.plist */,
			);
			path = Threads;
			sourceTree = "<group>";
		};
		FC2D1EFA23E28A9600F57D77 /* Controller */ = {
			isa = PBXGroup;
			children = (
				FC2D1EE823E2737F00F57D77 /* BeginRunVC.swift */,
				FC2D1EEA23E2737F00F57D77 /* RunLogVC.swift */,
				FC2D1EFD23E2A93A00F57D77 /* LocationVC.swift */,
				FC2D1EFF23E2B25500F57D77 /* CurrentRunVC.swift */,
			);
			path = Controller;
			sourceTree = "<group>";
		};
		FC2D1EFB23E28A9E00F57D77 /* View */ = {
			isa = PBXGroup;
			children = (
			);
			path = View;
			sourceTree = "<group>";
		};
		FC2D1EFC23E28AA300F57D77 /* Model */ = {
			isa = PBXGroup;
			children = (
				FCD735AC23E30EAF005BBF70 /* Run.swift */,
			);
			path = Model;
			sourceTree = "<group>";
		};
		FCD735A923E2BEC8005BBF70 /* Extensions */ = {
			isa = PBXGroup;
			children = (
				FCD735AA23E2BEDA005BBF70 /* Extensions.swift */,
			);
			path = Extensions;
			sourceTree = "<group>";
		};
		FCD735AE23E31380005BBF70 /* Utilities */ = {
			isa = PBXGroup;
			children = (
				FCD735AF23E31391005BBF70 /* Constants.swift */,
			);
			path = Utilities;
			sourceTree = "<group>";
		};
/* End PBXGroup section */

/* Begin PBXNativeTarget section */
		FC2D1EE023E2737F00F57D77 /* Threads */ = {
			isa = PBXNativeTarget;
			buildConfigurationList = FC2D1EF723E2738000F57D77 /* Build configuration list for PBXNativeTarget "Threads" */;
			buildPhases = (
				6D41FD915EB732820184BE06 /* [CP] Check Pods Manifest.lock */,
				FC2D1EDD23E2737F00F57D77 /* Sources */,
				FC2D1EDE23E2737F00F57D77 /* Frameworks */,
				FC2D1EDF23E2737F00F57D77 /* Resources */,
				8435D00DC67722B1311E2CFF /* [CP] Embed Pods Frameworks */,
			);
			buildRules = (
			);
			dependencies = (
			);
			name = Threads;
			productName = Threads;
			productReference = FC2D1EE123E2737F00F57D77 /* Threads.app */;
			productType = "com.apple.product-type.application";
		};
/* End PBXNativeTarget section */

/* Begin PBXProject section */
		FC2D1ED923E2737F00F57D77 /* Project object */ = {
			isa = PBXProject;
			attributes = {
				LastSwiftUpdateCheck = 1130;
				LastUpgradeCheck = 1130;
				ORGANIZATIONNAME = omrobbie;
				TargetAttributes = {
					FC2D1EE023E2737F00F57D77 = {
						CreatedOnToolsVersion = 11.3.1;
					};
				};
			};
			buildConfigurationList = FC2D1EDC23E2737F00F57D77 /* Build configuration list for PBXProject "Threads" */;
			compatibilityVersion = "Xcode 9.3";
			developmentRegion = en;
			hasScannedForEncodings = 0;
			knownRegions = (
				en,
				Base,
			);
			mainGroup = FC2D1ED823E2737F00F57D77;
			productRefGroup = FC2D1EE223E2737F00F57D77 /* Products */;
			projectDirPath = "";
			projectRoot = "";
			targets = (
				FC2D1EE023E2737F00F57D77 /* Threads */,
			);
		};
/* End PBXProject section */

/* Begin PBXResourcesBuildPhase section */
		FC2D1EDF23E2737F00F57D77 /* Resources */ = {
			isa = PBXResourcesBuildPhase;
			buildActionMask = 2147483647;
			files = (
				FC2D1EF323E2738000F57D77 /* LaunchScreen.storyboard in Resources */,
				FC2D1EF023E2738000F57D77 /* Assets.xcassets in Resources */,
				FC2D1EEE23E2737F00F57D77 /* Main.storyboard in Resources */,
			);
			runOnlyForDeploymentPostprocessing = 0;
		};
/* End PBXResourcesBuildPhase section */

/* Begin PBXShellScriptBuildPhase section */
		6D41FD915EB732820184BE06 /* [CP] Check Pods Manifest.lock */ = {
			isa = PBXShellScriptBuildPhase;
			buildActionMask = 2147483647;
			files = (
			);
			inputFileListPaths = (
			);
			inputPaths = (
				"${PODS_PODFILE_DIR_PATH}/Podfile.lock",
				"${PODS_ROOT}/Manifest.lock",
			);
			name = "[CP] Check Pods Manifest.lock";
			outputFileListPaths = (
			);
			outputPaths = (
				"$(DERIVED_FILE_DIR)/Pods-Threads-checkManifestLockResult.txt",
			);
			runOnlyForDeploymentPostprocessing = 0;
			shellPath = /bin/sh;
			shellScript = "diff \"${PODS_PODFILE_DIR_PATH}/Podfile.lock\" \"${PODS_ROOT}/Manifest.lock\" > /dev/null\nif [ $? != 0 ] ; then\n    # print error to STDERR\n    echo \"error: The sandbox is not in sync with the Podfile.lock. Run 'pod install' or update your CocoaPods installation.\" >&2\n    exit 1\nfi\n# This output is used by Xcode 'outputs' to avoid re-running this script phase.\necho \"SUCCESS\" > \"${SCRIPT_OUTPUT_FILE_0}\"\n";
			showEnvVarsInLog = 0;
		};
		8435D00DC67722B1311E2CFF /* [CP] Embed Pods Frameworks */ = {
			isa = PBXShellScriptBuildPhase;
			buildActionMask = 2147483647;
			files = (
			);
			inputFileListPaths = (
				"${PODS_ROOT}/Target Support Files/Pods-Threads/Pods-Threads-frameworks-${CONFIGURATION}-input-files.xcfilelist",
			);
			name = "[CP] Embed Pods Frameworks";
			outputFileListPaths = (
				"${PODS_ROOT}/Target Support Files/Pods-Threads/Pods-Threads-frameworks-${CONFIGURATION}-output-files.xcfilelist",
			);
			runOnlyForDeploymentPostprocessing = 0;
			shellPath = /bin/sh;
			shellScript = "\"${PODS_ROOT}/Target Support Files/Pods-Threads/Pods-Threads-frameworks.sh\"\n";
			showEnvVarsInLog = 0;
		};
/* End PBXShellScriptBuildPhase section */

/* Begin PBXSourcesBuildPhase section */
		FC2D1EDD23E2737F00F57D77 /* Sources */ = {
			isa = PBXSourcesBuildPhase;
			buildActionMask = 2147483647;
			files = (
				FC2D1EFE23E2A93A00F57D77 /* LocationVC.swift in Sources */,
				FCD735AD23E30EAF005BBF70 /* Run.swift in Sources */,
				FC2D1EEB23E2737F00F57D77 /* RunLogVC.swift in Sources */,
				FC2D1EE923E2737F00F57D77 /* BeginRunVC.swift in Sources */,
				FC2D1EE523E2737F00F57D77 /* AppDelegate.swift in Sources */,
				FC2D1F0023E2B25500F57D77 /* CurrentRunVC.swift in Sources */,
				FC2D1EE723E2737F00F57D77 /* SceneDelegate.swift in Sources */,
				FCD735AB23E2BEDA005BBF70 /* Extensions.swift in Sources */,
				FCD735B023E31391005BBF70 /* Constants.swift in Sources */,
			);
			runOnlyForDeploymentPostprocessing = 0;
		};
/* End PBXSourcesBuildPhase section */

/* Begin PBXVariantGroup section */
		FC2D1EEC23E2737F00F57D77 /* Main.storyboard */ = {
			isa = PBXVariantGroup;
			children = (
				FC2D1EED23E2737F00F57D77 /* Base */,
			);
			name = Main.storyboard;
			sourceTree = "<group>";
		};
		FC2D1EF123E2738000F57D77 /* LaunchScreen.storyboard */ = {
			isa = PBXVariantGroup;
			children = (
				FC2D1EF223E2738000F57D77 /* Base */,
			);
			name = LaunchScreen.storyboard;
			sourceTree = "<group>";
		};
/* End PBXVariantGroup section */

/* Begin XCBuildConfiguration section */
		FC2D1EF523E2738000F57D77 /* Debug */ = {
			isa = XCBuildConfiguration;
			buildSettings = {
				ALWAYS_SEARCH_USER_PATHS = NO;
				CLANG_ANALYZER_NONNULL = YES;
				CLANG_ANALYZER_NUMBER_OBJECT_CONVERSION = YES_AGGRESSIVE;
				CLANG_CXX_LANGUAGE_STANDARD = "gnu++14";
				CLANG_CXX_LIBRARY = "libc++";
				CLANG_ENABLE_MODULES = YES;
				CLANG_ENABLE_OBJC_ARC = YES;
				CLANG_ENABLE_OBJC_WEAK = YES;
				CLANG_WARN_BLOCK_CAPTURE_AUTORELEASING = YES;
				CLANG_WARN_BOOL_CONVERSION = YES;
				CLANG_WARN_COMMA = YES;
				CLANG_WARN_CONSTANT_CONVERSION = YES;
				CLANG_WARN_DEPRECATED_OBJC_IMPLEMENTATIONS = YES;
				CLANG_WARN_DIRECT_OBJC_ISA_USAGE = YES_ERROR;
				CLANG_WARN_DOCUMENTATION_COMMENTS = YES;
				CLANG_WARN_EMPTY_BODY = YES;
				CLANG_WARN_ENUM_CONVERSION = YES;
				CLANG_WARN_INFINITE_RECURSION = YES;
				CLANG_WARN_INT_CONVERSION = YES;
				CLANG_WARN_NON_LITERAL_NULL_CONVERSION = YES;
				CLANG_WARN_OBJC_IMPLICIT_RETAIN_SELF = YES;
				CLANG_WARN_OBJC_LITERAL_CONVERSION = YES;
				CLANG_WARN_OBJC_ROOT_CLASS = YES_ERROR;
				CLANG_WARN_RANGE_LOOP_ANALYSIS = YES;
				CLANG_WARN_STRICT_PROTOTYPES = YES;
				CLANG_WARN_SUSPICIOUS_MOVE = YES;
				CLANG_WARN_UNGUARDED_AVAILABILITY = YES_AGGRESSIVE;
				CLANG_WARN_UNREACHABLE_CODE = YES;
				CLANG_WARN__DUPLICATE_METHOD_MATCH = YES;
				COPY_PHASE_STRIP = NO;
				DEBUG_INFORMATION_FORMAT = dwarf;
				ENABLE_STRICT_OBJC_MSGSEND = YES;
				ENABLE_TESTABILITY = YES;
				GCC_C_LANGUAGE_STANDARD = gnu11;
				GCC_DYNAMIC_NO_PIC = NO;
				GCC_NO_COMMON_BLOCKS = YES;
				GCC_OPTIMIZATION_LEVEL = 0;
				GCC_PREPROCESSOR_DEFINITIONS = (
					"DEBUG=1",
					"$(inherited)",
				);
				GCC_WARN_64_TO_32_BIT_CONVERSION = YES;
				GCC_WARN_ABOUT_RETURN_TYPE = YES_ERROR;
				GCC_WARN_UNDECLARED_SELECTOR = YES;
				GCC_WARN_UNINITIALIZED_AUTOS = YES_AGGRESSIVE;
				GCC_WARN_UNUSED_FUNCTION = YES;
				GCC_WARN_UNUSED_VARIABLE = YES;
				IPHONEOS_DEPLOYMENT_TARGET = 13.2;
				MTL_ENABLE_DEBUG_INFO = INCLUDE_SOURCE;
				MTL_FAST_MATH = YES;
				ONLY_ACTIVE_ARCH = YES;
				SDKROOT = iphoneos;
				SWIFT_ACTIVE_COMPILATION_CONDITIONS = DEBUG;
				SWIFT_OPTIMIZATION_LEVEL = "-Onone";
			};
			name = Debug;
		};
		FC2D1EF623E2738000F57D77 /* Release */ = {
			isa = XCBuildConfiguration;
			buildSettings = {
				ALWAYS_SEARCH_USER_PATHS = NO;
				CLANG_ANALYZER_NONNULL = YES;
				CLANG_ANALYZER_NUMBER_OBJECT_CONVERSION = YES_AGGRESSIVE;
				CLANG_CXX_LANGUAGE_STANDARD = "gnu++14";
				CLANG_CXX_LIBRARY = "libc++";
				CLANG_ENABLE_MODULES = YES;
				CLANG_ENABLE_OBJC_ARC = YES;
				CLANG_ENABLE_OBJC_WEAK = YES;
				CLANG_WARN_BLOCK_CAPTURE_AUTORELEASING = YES;
				CLANG_WARN_BOOL_CONVERSION = YES;
				CLANG_WARN_COMMA = YES;
				CLANG_WARN_CONSTANT_CONVERSION = YES;
				CLANG_WARN_DEPRECATED_OBJC_IMPLEMENTATIONS = YES;
				CLANG_WARN_DIRECT_OBJC_ISA_USAGE = YES_ERROR;
				CLANG_WARN_DOCUMENTATION_COMMENTS = YES;
				CLANG_WARN_EMPTY_BODY = YES;
				CLANG_WARN_ENUM_CONVERSION = YES;
				CLANG_WARN_INFINITE_RECURSION = YES;
				CLANG_WARN_INT_CONVERSION = YES;
				CLANG_WARN_NON_LITERAL_NULL_CONVERSION = YES;
				CLANG_WARN_OBJC_IMPLICIT_RETAIN_SELF = YES;
				CLANG_WARN_OBJC_LITERAL_CONVERSION = YES;
				CLANG_WARN_OBJC_ROOT_CLASS = YES_ERROR;
				CLANG_WARN_RANGE_LOOP_ANALYSIS = YES;
				CLANG_WARN_STRICT_PROTOTYPES = YES;
				CLANG_WARN_SUSPICIOUS_MOVE = YES;
				CLANG_WARN_UNGUARDED_AVAILABILITY = YES_AGGRESSIVE;
				CLANG_WARN_UNREACHABLE_CODE = YES;
				CLANG_WARN__DUPLICATE_METHOD_MATCH = YES;
				COPY_PHASE_STRIP = NO;
				DEBUG_INFORMATION_FORMAT = "dwarf-with-dsym";
				ENABLE_NS_ASSERTIONS = NO;
				ENABLE_STRICT_OBJC_MSGSEND = YES;
				GCC_C_LANGUAGE_STANDARD = gnu11;
				GCC_NO_COMMON_BLOCKS = YES;
				GCC_WARN_64_TO_32_BIT_CONVERSION = YES;
				GCC_WARN_ABOUT_RETURN_TYPE = YES_ERROR;
				GCC_WARN_UNDECLARED_SELECTOR = YES;
				GCC_WARN_UNINITIALIZED_AUTOS = YES_AGGRESSIVE;
				GCC_WARN_UNUSED_FUNCTION = YES;
				GCC_WARN_UNUSED_VARIABLE = YES;
				IPHONEOS_DEPLOYMENT_TARGET = 13.2;
				MTL_ENABLE_DEBUG_INFO = NO;
				MTL_FAST_MATH = YES;
				SDKROOT = iphoneos;
				SWIFT_COMPILATION_MODE = wholemodule;
				SWIFT_OPTIMIZATION_LEVEL = "-O";
				VALIDATE_PRODUCT = YES;
			};
			name = Release;
		};
		FC2D1EF823E2738000F57D77 /* Debug */ = {
			isa = XCBuildConfiguration;
			baseConfigurationReference = E561371FD716906A5979E3E4 /* Pods-Threads.debug.xcconfig */;
			buildSettings = {
				ASSETCATALOG_COMPILER_APPICON_NAME = AppIcon;
				CODE_SIGN_STYLE = Automatic;
				INFOPLIST_FILE = Threads/Info.plist;
				LD_RUNPATH_SEARCH_PATHS = (
					"$(inherited)",
					"@executable_path/Frameworks",
				);
				PRODUCT_BUNDLE_IDENTIFIER = com.omrobbie.Threads;
				PRODUCT_NAME = "$(TARGET_NAME)";
				SWIFT_VERSION = 5.0;
				TARGETED_DEVICE_FAMILY = "1,2";
			};
			name = Debug;
		};
		FC2D1EF923E2738000F57D77 /* Release */ = {
			isa = XCBuildConfiguration;
			baseConfigurationReference = 3789335D996375D115B615C5 /* Pods-Threads.release.xcconfig */;
			buildSettings = {
				ASSETCATALOG_COMPILER_APPICON_NAME = AppIcon;
				CODE_SIGN_STYLE = Automatic;
				INFOPLIST_FILE = Threads/Info.plist;
				LD_RUNPATH_SEARCH_PATHS = (
					"$(inherited)",
					"@executable_path/Frameworks",
				);
				PRODUCT_BUNDLE_IDENTIFIER = com.omrobbie.Threads;
				PRODUCT_NAME = "$(TARGET_NAME)";
				SWIFT_VERSION = 5.0;
				TARGETED_DEVICE_FAMILY = "1,2";
			};
			name = Release;
		};
/* End XCBuildConfiguration section */

/* Begin XCConfigurationList section */
		FC2D1EDC23E2737F00F57D77 /* Build configuration list for PBXProject "Threads" */ = {
			isa = XCConfigurationList;
			buildConfigurations = (
				FC2D1EF523E2738000F57D77 /* Debug */,
				FC2D1EF623E2738000F57D77 /* Release */,
			);
			defaultConfigurationIsVisible = 0;
			defaultConfigurationName = Release;
		};
		FC2D1EF723E2738000F57D77 /* Build configuration list for PBXNativeTarget "Threads" */ = {
			isa = XCConfigurationList;
			buildConfigurations = (
				FC2D1EF823E2738000F57D77 /* Debug */,
				FC2D1EF923E2738000F57D77 /* Release */,
			);
			defaultConfigurationIsVisible = 0;
			defaultConfigurationName = Release;
		};
/* End XCConfigurationList section */
	};
	rootObject = FC2D1ED923E2737F00F57D77 /* Project object */;
}
