// !$*UTF8*$!
{
	archiveVersion = 1;
	classes = {
	};
	objectVersion = 50;
	objects = {

/* Begin PBXBuildFile section */
		FC3862C323D14A6200AAFB93 /* AppDelegate.swift in Sources */ = {isa = PBXBuildFile; fileRef = FC3862C223D14A6200AAFB93 /* AppDelegate.swift */; };
		FC3862C523D14A6200AAFB93 /* SceneDelegate.swift in Sources */ = {isa = PBXBuildFile; fileRef = FC3862C423D14A6200AAFB93 /* SceneDelegate.swift */; };
		FC3862C723D14A6200AAFB93 /* Controller.swift in Sources */ = {isa = PBXBuildFile; fileRef = FC3862C623D14A6200AAFB93 /* Controller.swift */; };
		FC3862CA23D14A6200AAFB93 /* Main.storyboard in Resources */ = {isa = PBXBuildFile; fileRef = FC3862C823D14A6200AAFB93 /* Main.storyboard */; };
		FC3862CC23D14A6300AAFB93 /* Assets.xcassets in Resources */ = {isa = PBXBuildFile; fileRef = FC3862CB23D14A6300AAFB93 /* Assets.xcassets */; };
		FC3862CF23D14A6300AAFB93 /* LaunchScreen.storyboard in Resources */ = {isa = PBXBuildFile; fileRef = FC3862CD23D14A6300AAFB93 /* LaunchScreen.storyboard */; };
		FC3862DA23D14FBD00AAFB93 /* AppleProduct.swift in Sources */ = {isa = PBXBuildFile; fileRef = FC3862D923D14FBD00AAFB93 /* AppleProduct.swift */; };
/* End PBXBuildFile section */

/* Begin PBXFileReference section */
		FC3862BF23D14A6200AAFB93 /* mvc-ifyme-capn.app */ = {isa = PBXFileReference; explicitFileType = wrapper.application; includeInIndex = 0; path = "mvc-ifyme-capn.app"; sourceTree = BUILT_PRODUCTS_DIR; };
		FC3862C223D14A6200AAFB93 /* AppDelegate.swift */ = {isa = PBXFileReference; lastKnownFileType = sourcecode.swift; path = AppDelegate.swift; sourceTree = "<group>"; };
		FC3862C423D14A6200AAFB93 /* SceneDelegate.swift */ = {isa = PBXFileReference; lastKnownFileType = sourcecode.swift; path = SceneDelegate.swift; sourceTree = "<group>"; };
		FC3862C623D14A6200AAFB93 /* Controller.swift */ = {isa = PBXFileReference; lastKnownFileType = sourcecode.swift; path = Controller.swift; sourceTree = "<group>"; };
		FC3862C923D14A6200AAFB93 /* Base */ = {isa = PBXFileReference; lastKnownFileType = file.storyboard; name = Base; path = Base.lproj/Main.storyboard; sourceTree = "<group>"; };
		FC3862CB23D14A6300AAFB93 /* Assets.xcassets */ = {isa = PBXFileReference; lastKnownFileType = folder.assetcatalog; path = Assets.xcassets; sourceTree = "<group>"; };
		FC3862CE23D14A6300AAFB93 /* Base */ = {isa = PBXFileReference; lastKnownFileType = file.storyboard; name = Base; path = Base.lproj/LaunchScreen.storyboard; sourceTree = "<group>"; };
		FC3862D023D14A6300AAFB93 /* Info.plist */ = {isa = PBXFileReference; lastKnownFileType = text.plist.xml; path = Info.plist; sourceTree = "<group>"; };
		FC3862D923D14FBD00AAFB93 /* AppleProduct.swift */ = {isa = PBXFileReference; lastKnownFileType = sourcecode.swift; path = AppleProduct.swift; sourceTree = "<group>"; };
/* End PBXFileReference section */

/* Begin PBXFrameworksBuildPhase section */
		FC3862BC23D14A6200AAFB93 /* Frameworks */ = {
			isa = PBXFrameworksBuildPhase;
			buildActionMask = 2147483647;
			files = (
			);
			runOnlyForDeploymentPostprocessing = 0;
		};
/* End PBXFrameworksBuildPhase section */

/* Begin PBXGroup section */
		FC3862B623D14A6200AAFB93 = {
			isa = PBXGroup;
			children = (
				FC3862C123D14A6200AAFB93 /* mvc-ifyme-capn */,
				FC3862C023D14A6200AAFB93 /* Products */,
			);
			sourceTree = "<group>";
		};
		FC3862C023D14A6200AAFB93 /* Products */ = {
			isa = PBXGroup;
			children = (
				FC3862BF23D14A6200AAFB93 /* mvc-ifyme-capn.app */,
			);
			name = Products;
			sourceTree = "<group>";
		};
		FC3862C123D14A6200AAFB93 /* mvc-ifyme-capn */ = {
			isa = PBXGroup;
			children = (
				FC3862D823D14D8B00AAFB93 /* Model */,
				FC3862D723D14D8300AAFB93 /* View */,
				FC3862D623D14D6D00AAFB93 /* Controller */,
				FC3862C223D14A6200AAFB93 /* AppDelegate.swift */,
				FC3862C423D14A6200AAFB93 /* SceneDelegate.swift */,
				FC3862C823D14A6200AAFB93 /* Main.storyboard */,
				FC3862CB23D14A6300AAFB93 /* Assets.xcassets */,
				FC3862CD23D14A6300AAFB93 /* LaunchScreen.storyboard */,
				FC3862D023D14A6300AAFB93 /* Info.plist */,
			);
			path = "mvc-ifyme-capn";
			sourceTree = "<group>";
		};
		FC3862D623D14D6D00AAFB93 /* Controller */ = {
			isa = PBXGroup;
			children = (
				FC3862C623D14A6200AAFB93 /* Controller.swift */,
			);
			path = Controller;
			sourceTree = "<group>";
		};
		FC3862D723D14D8300AAFB93 /* View */ = {
			isa = PBXGroup;
			children = (
			);
			path = View;
			sourceTree = "<group>";
		};
		FC3862D823D14D8B00AAFB93 /* Model */ = {
			isa = PBXGroup;
			children = (
				FC3862D923D14FBD00AAFB93 /* AppleProduct.swift */,
			);
			path = Model;
			sourceTree = "<group>";
		};
/* End PBXGroup section */

/* Begin PBXNativeTarget section */
		FC3862BE23D14A6200AAFB93 /* mvc-ifyme-capn */ = {
			isa = PBXNativeTarget;
			buildConfigurationList = FC3862D323D14A6300AAFB93 /* Build configuration list for PBXNativeTarget "mvc-ifyme-capn" */;
			buildPhases = (
				FC3862BB23D14A6200AAFB93 /* Sources */,
				FC3862BC23D14A6200AAFB93 /* Frameworks */,
				FC3862BD23D14A6200AAFB93 /* Resources */,
			);
			buildRules = (
			);
			dependencies = (
			);
			name = "mvc-ifyme-capn";
			productName = "mvc-ifyme-capn";
			productReference = FC3862BF23D14A6200AAFB93 /* mvc-ifyme-capn.app */;
			productType = "com.apple.product-type.application";
		};
/* End PBXNativeTarget section */

/* Begin PBXProject section */
		FC3862B723D14A6200AAFB93 /* Project object */ = {
			isa = PBXProject;
			attributes = {
				LastSwiftUpdateCheck = 1130;
				LastUpgradeCheck = 1130;
				ORGANIZATIONNAME = omrobbie;
				TargetAttributes = {
					FC3862BE23D14A6200AAFB93 = {
						CreatedOnToolsVersion = 11.3.1;
					};
				};
			};
			buildConfigurationList = FC3862BA23D14A6200AAFB93 /* Build configuration list for PBXProject "mvc-ifyme-capn" */;
			compatibilityVersion = "Xcode 9.3";
			developmentRegion = en;
			hasScannedForEncodings = 0;
			knownRegions = (
				en,
				Base,
			);
			mainGroup = FC3862B623D14A6200AAFB93;
			productRefGroup = FC3862C023D14A6200AAFB93 /* Products */;
			projectDirPath = "";
			projectRoot = "";
			targets = (
				FC3862BE23D14A6200AAFB93 /* mvc-ifyme-capn */,
			);
		};
/* End PBXProject section */

/* Begin PBXResourcesBuildPhase section */
		FC3862BD23D14A6200AAFB93 /* Resources */ = {
			isa = PBXResourcesBuildPhase;
			buildActionMask = 2147483647;
			files = (
				FC3862CF23D14A6300AAFB93 /* LaunchScreen.storyboard in Resources */,
				FC3862CC23D14A6300AAFB93 /* Assets.xcassets in Resources */,
				FC3862CA23D14A6200AAFB93 /* Main.storyboard in Resources */,
			);
			runOnlyForDeploymentPostprocessing = 0;
		};
/* End PBXResourcesBuildPhase section */

/* Begin PBXSourcesBuildPhase section */
		FC3862BB23D14A6200AAFB93 /* Sources */ = {
			isa = PBXSourcesBuildPhase;
			buildActionMask = 2147483647;
			files = (
				FC3862DA23D14FBD00AAFB93 /* AppleProduct.swift in Sources */,
				FC3862C723D14A6200AAFB93 /* Controller.swift in Sources */,
				FC3862C323D14A6200AAFB93 /* AppDelegate.swift in Sources */,
				FC3862C523D14A6200AAFB93 /* SceneDelegate.swift in Sources */,
			);
			runOnlyForDeploymentPostprocessing = 0;
		};
/* End PBXSourcesBuildPhase section */

/* Begin PBXVariantGroup section */
		FC3862C823D14A6200AAFB93 /* Main.storyboard */ = {
			isa = PBXVariantGroup;
			children = (
				FC3862C923D14A6200AAFB93 /* Base */,
			);
			name = Main.storyboard;
			sourceTree = "<group>";
		};
		FC3862CD23D14A6300AAFB93 /* LaunchScreen.storyboard */ = {
			isa = PBXVariantGroup;
			children = (
				FC3862CE23D14A6300AAFB93 /* Base */,
			);
			name = LaunchScreen.storyboard;
			sourceTree = "<group>";
		};
/* End PBXVariantGroup section */

/* Begin XCBuildConfiguration section */
		FC3862D123D14A6300AAFB93 /* Debug */ = {
			isa = XCBuildConfiguration;
			buildSettings = {
				ALWAYS_SEARCH_USER_PATHS = NO;
				CLANG_ANALYZER_NONNULL = YES;
				CLANG_ANALYZER_NUMBER_OBJECT_CONVERSION = YES_AGGRESSIVE;
				CLANG_CXX_LANGUAGE_STANDARD = "gnu++14";
				CLANG_CXX_LIBRARY = "libc++";
				CLANG_ENABLE_MODULES = YES;
				CLANG_ENABLE_OBJC_ARC = YES;
				CLANG_ENABLE_OBJC_WEAK = YES;
				CLANG_WARN_BLOCK_CAPTURE_AUTORELEASING = YES;
				CLANG_WARN_BOOL_CONVERSION = YES;
				CLANG_WARN_COMMA = YES;
				CLANG_WARN_CONSTANT_CONVERSION = YES;
				CLANG_WARN_DEPRECATED_OBJC_IMPLEMENTATIONS = YES;
				CLANG_WARN_DIRECT_OBJC_ISA_USAGE = YES_ERROR;
				CLANG_WARN_DOCUMENTATION_COMMENTS = YES;
				CLANG_WARN_EMPTY_BODY = YES;
				CLANG_WARN_ENUM_CONVERSION = YES;
				CLANG_WARN_INFINITE_RECURSION = YES;
				CLANG_WARN_INT_CONVERSION = YES;
				CLANG_WARN_NON_LITERAL_NULL_CONVERSION = YES;
				CLANG_WARN_OBJC_IMPLICIT_RETAIN_SELF = YES;
				CLANG_WARN_OBJC_LITERAL_CONVERSION = YES;
				CLANG_WARN_OBJC_ROOT_CLASS = YES_ERROR;
				CLANG_WARN_RANGE_LOOP_ANALYSIS = YES;
				CLANG_WARN_STRICT_PROTOTYPES = YES;
				CLANG_WARN_SUSPICIOUS_MOVE = YES;
				CLANG_WARN_UNGUARDED_AVAILABILITY = YES_AGGRESSIVE;
				CLANG_WARN_UNREACHABLE_CODE = YES;
				CLANG_WARN__DUPLICATE_METHOD_MATCH = YES;
				COPY_PHASE_STRIP = NO;
				DEBUG_INFORMATION_FORMAT = dwarf;
				ENABLE_STRICT_OBJC_MSGSEND = YES;
				ENABLE_TESTABILITY = YES;
				GCC_C_LANGUAGE_STANDARD = gnu11;
				GCC_DYNAMIC_NO_PIC = NO;
				GCC_NO_COMMON_BLOCKS = YES;
				GCC_OPTIMIZATION_LEVEL = 0;
				GCC_PREPROCESSOR_DEFINITIONS = (
					"DEBUG=1",
					"$(inherited)",
				);
				GCC_WARN_64_TO_32_BIT_CONVERSION = YES;
				GCC_WARN_ABOUT_RETURN_TYPE = YES_ERROR;
				GCC_WARN_UNDECLARED_SELECTOR = YES;
				GCC_WARN_UNINITIALIZED_AUTOS = YES_AGGRESSIVE;
				GCC_WARN_UNUSED_FUNCTION = YES;
				GCC_WARN_UNUSED_VARIABLE = YES;
				IPHONEOS_DEPLOYMENT_TARGET = 13.2;
				MTL_ENABLE_DEBUG_INFO = INCLUDE_SOURCE;
				MTL_FAST_MATH = YES;
				ONLY_ACTIVE_ARCH = YES;
				SDKROOT = iphoneos;
				SWIFT_ACTIVE_COMPILATION_CONDITIONS = DEBUG;
				SWIFT_OPTIMIZATION_LEVEL = "-Onone";
			};
			name = Debug;
		};
		FC3862D223D14A6300AAFB93 /* Release */ = {
			isa = XCBuildConfiguration;
			buildSettings = {
				ALWAYS_SEARCH_USER_PATHS = NO;
				CLANG_ANALYZER_NONNULL = YES;
				CLANG_ANALYZER_NUMBER_OBJECT_CONVERSION = YES_AGGRESSIVE;
				CLANG_CXX_LANGUAGE_STANDARD = "gnu++14";
				CLANG_CXX_LIBRARY = "libc++";
				CLANG_ENABLE_MODULES = YES;
				CLANG_ENABLE_OBJC_ARC = YES;
				CLANG_ENABLE_OBJC_WEAK = YES;
				CLANG_WARN_BLOCK_CAPTURE_AUTORELEASING = YES;
				CLANG_WARN_BOOL_CONVERSION = YES;
				CLANG_WARN_COMMA = YES;
				CLANG_WARN_CONSTANT_CONVERSION = YES;
				CLANG_WARN_DEPRECATED_OBJC_IMPLEMENTATIONS = YES;
				CLANG_WARN_DIRECT_OBJC_ISA_USAGE = YES_ERROR;
				CLANG_WARN_DOCUMENTATION_COMMENTS = YES;
				CLANG_WARN_EMPTY_BODY = YES;
				CLANG_WARN_ENUM_CONVERSION = YES;
				CLANG_WARN_INFINITE_RECURSION = YES;
				CLANG_WARN_INT_CONVERSION = YES;
				CLANG_WARN_NON_LITERAL_NULL_CONVERSION = YES;
				CLANG_WARN_OBJC_IMPLICIT_RETAIN_SELF = YES;
				CLANG_WARN_OBJC_LITERAL_CONVERSION = YES;
				CLANG_WARN_OBJC_ROOT_CLASS = YES_ERROR;
				CLANG_WARN_RANGE_LOOP_ANALYSIS = YES;
				CLANG_WARN_STRICT_PROTOTYPES = YES;
				CLANG_WARN_SUSPICIOUS_MOVE = YES;
				CLANG_WARN_UNGUARDED_AVAILABILITY = YES_AGGRESSIVE;
				CLANG_WARN_UNREACHABLE_CODE = YES;
				CLANG_WARN__DUPLICATE_METHOD_MATCH = YES;
				COPY_PHASE_STRIP = NO;
				DEBUG_INFORMATION_FORMAT = "dwarf-with-dsym";
				ENABLE_NS_ASSERTIONS = NO;
				ENABLE_STRICT_OBJC_MSGSEND = YES;
				GCC_C_LANGUAGE_STANDARD = gnu11;
				GCC_NO_COMMON_BLOCKS = YES;
				GCC_WARN_64_TO_32_BIT_CONVERSION = YES;
				GCC_WARN_ABOUT_RETURN_TYPE = YES_ERROR;
				GCC_WARN_UNDECLARED_SELECTOR = YES;
				GCC_WARN_UNINITIALIZED_AUTOS = YES_AGGRESSIVE;
				GCC_WARN_UNUSED_FUNCTION = YES;
				GCC_WARN_UNUSED_VARIABLE = YES;
				IPHONEOS_DEPLOYMENT_TARGET = 13.2;
				MTL_ENABLE_DEBUG_INFO = NO;
				MTL_FAST_MATH = YES;
				SDKROOT = iphoneos;
				SWIFT_COMPILATION_MODE = wholemodule;
				SWIFT_OPTIMIZATION_LEVEL = "-O";
				VALIDATE_PRODUCT = YES;
			};
			name = Release;
		};
		FC3862D423D14A6300AAFB93 /* Debug */ = {
			isa = XCBuildConfiguration;
			buildSettings = {
				ASSETCATALOG_COMPILER_APPICON_NAME = AppIcon;
				CODE_SIGN_STYLE = Automatic;
				INFOPLIST_FILE = "mvc-ifyme-capn/Info.plist";
				LD_RUNPATH_SEARCH_PATHS = (
					"$(inherited)",
					"@executable_path/Frameworks",
				);
				PRODUCT_BUNDLE_IDENTIFIER = "com.omrobbie.mvc-ifyme-capn";
				PRODUCT_NAME = "$(TARGET_NAME)";
				SWIFT_VERSION = 5.0;
				TARGETED_DEVICE_FAMILY = "1,2";
			};
			name = Debug;
		};
		FC3862D523D14A6300AAFB93 /* Release */ = {
			isa = XCBuildConfiguration;
			buildSettings = {
				ASSETCATALOG_COMPILER_APPICON_NAME = AppIcon;
				CODE_SIGN_STYLE = Automatic;
				INFOPLIST_FILE = "mvc-ifyme-capn/Info.plist";
				LD_RUNPATH_SEARCH_PATHS = (
					"$(inherited)",
					"@executable_path/Frameworks",
				);
				PRODUCT_BUNDLE_IDENTIFIER = "com.omrobbie.mvc-ifyme-capn";
				PRODUCT_NAME = "$(TARGET_NAME)";
				SWIFT_VERSION = 5.0;
				TARGETED_DEVICE_FAMILY = "1,2";
			};
			name = Release;
		};
/* End XCBuildConfiguration section */

/* Begin XCConfigurationList section */
		FC3862BA23D14A6200AAFB93 /* Build configuration list for PBXProject "mvc-ifyme-capn" */ = {
			isa = XCConfigurationList;
			buildConfigurations = (
				FC3862D123D14A6300AAFB93 /* Debug */,
				FC3862D223D14A6300AAFB93 /* Release */,
			);
			defaultConfigurationIsVisible = 0;
			defaultConfigurationName = Release;
		};
		FC3862D323D14A6300AAFB93 /* Build configuration list for PBXNativeTarget "mvc-ifyme-capn" */ = {
			isa = XCConfigurationList;
			buildConfigurations = (
				FC3862D423D14A6300AAFB93 /* Debug */,
				FC3862D523D14A6300AAFB93 /* Release */,
			);
			defaultConfigurationIsVisible = 0;
			defaultConfigurationName = Release;
		};
/* End XCConfigurationList section */
	};
	rootObject = FC3862B723D14A6200AAFB93 /* Project object */;
}
