// !$*UTF8*$!
{
	archiveVersion = 1;
	classes = {
	};
	objectVersion = 50;
	objects = {

/* Begin PBXBuildFile section */
		978423BA97EF3AFF9D1E9171 /* Pods_RxNamer.framework in Frameworks */ = {isa = PBXBuildFile; fileRef = FA0EF192DAD68B3B0948297D /* Pods_RxNamer.framework */; };
		FC05C2DD24876E02004685E2 /* AppDelegate.swift in Sources */ = {isa = PBXBuildFile; fileRef = FC05C2DC24876E02004685E2 /* AppDelegate.swift */; };
		FC05C2DF24876E02004685E2 /* SceneDelegate.swift in Sources */ = {isa = PBXBuildFile; fileRef = FC05C2DE24876E02004685E2 /* SceneDelegate.swift */; };
		FC05C2E124876E02004685E2 /* ViewController.swift in Sources */ = {isa = PBXBuildFile; fileRef = FC05C2E024876E02004685E2 /* ViewController.swift */; };
		FC05C2E424876E02004685E2 /* Main.storyboard in Resources */ = {isa = PBXBuildFile; fileRef = FC05C2E224876E02004685E2 /* Main.storyboard */; };
		FC05C2E624876E03004685E2 /* Assets.xcassets in Resources */ = {isa = PBXBuildFile; fileRef = FC05C2E524876E03004685E2 /* Assets.xcassets */; };
		FC05C2E924876E03004685E2 /* LaunchScreen.storyboard in Resources */ = {isa = PBXBuildFile; fileRef = FC05C2E724876E03004685E2 /* LaunchScreen.storyboard */; };
/* End PBXBuildFile section */

/* Begin PBXFileReference section */
		C69DAA23BD32C2A8EE61258B /* Pods-RxNamer.debug.xcconfig */ = {isa = PBXFileReference; includeInIndex = 1; lastKnownFileType = text.xcconfig; name = "Pods-RxNamer.debug.xcconfig"; path = "Target Support Files/Pods-RxNamer/Pods-RxNamer.debug.xcconfig"; sourceTree = "<group>"; };
		EC46096669CDD6A8DCF92139 /* Pods-RxNamer.release.xcconfig */ = {isa = PBXFileReference; includeInIndex = 1; lastKnownFileType = text.xcconfig; name = "Pods-RxNamer.release.xcconfig"; path = "Target Support Files/Pods-RxNamer/Pods-RxNamer.release.xcconfig"; sourceTree = "<group>"; };
		FA0EF192DAD68B3B0948297D /* Pods_RxNamer.framework */ = {isa = PBXFileReference; explicitFileType = wrapper.framework; includeInIndex = 0; path = Pods_RxNamer.framework; sourceTree = BUILT_PRODUCTS_DIR; };
		FC05C2D924876E02004685E2 /* RxNamer.app */ = {isa = PBXFileReference; explicitFileType = wrapper.application; includeInIndex = 0; path = RxNamer.app; sourceTree = BUILT_PRODUCTS_DIR; };
		FC05C2DC24876E02004685E2 /* AppDelegate.swift */ = {isa = PBXFileReference; lastKnownFileType = sourcecode.swift; path = AppDelegate.swift; sourceTree = "<group>"; };
		FC05C2DE24876E02004685E2 /* SceneDelegate.swift */ = {isa = PBXFileReference; lastKnownFileType = sourcecode.swift; path = SceneDelegate.swift; sourceTree = "<group>"; };
		FC05C2E024876E02004685E2 /* ViewController.swift */ = {isa = PBXFileReference; lastKnownFileType = sourcecode.swift; path = ViewController.swift; sourceTree = "<group>"; };
		FC05C2E324876E02004685E2 /* Base */ = {isa = PBXFileReference; lastKnownFileType = file.storyboard; name = Base; path = Base.lproj/Main.storyboard; sourceTree = "<group>"; };
		FC05C2E524876E03004685E2 /* Assets.xcassets */ = {isa = PBXFileReference; lastKnownFileType = folder.assetcatalog; path = Assets.xcassets; sourceTree = "<group>"; };
		FC05C2E824876E03004685E2 /* Base */ = {isa = PBXFileReference; lastKnownFileType = file.storyboard; name = Base; path = Base.lproj/LaunchScreen.storyboard; sourceTree = "<group>"; };
		FC05C2EA24876E03004685E2 /* Info.plist */ = {isa = PBXFileReference; lastKnownFileType = text.plist.xml; path = Info.plist; sourceTree = "<group>"; };
/* End PBXFileReference section */

/* Begin PBXFrameworksBuildPhase section */
		FC05C2D624876E02004685E2 /* Frameworks */ = {
			isa = PBXFrameworksBuildPhase;
			buildActionMask = 2147483647;
			files = (
				978423BA97EF3AFF9D1E9171 /* Pods_RxNamer.framework in Frameworks */,
			);
			runOnlyForDeploymentPostprocessing = 0;
		};
/* End PBXFrameworksBuildPhase section */

/* Begin PBXGroup section */
		1C5674B8B405E5F9FBF009BC /* Pods */ = {
			isa = PBXGroup;
			children = (
				C69DAA23BD32C2A8EE61258B /* Pods-RxNamer.debug.xcconfig */,
				EC46096669CDD6A8DCF92139 /* Pods-RxNamer.release.xcconfig */,
			);
			name = Pods;
			path = Pods;
			sourceTree = "<group>";
		};
		DFA91C507F2A23FB6829B0AF /* Frameworks */ = {
			isa = PBXGroup;
			children = (
				FA0EF192DAD68B3B0948297D /* Pods_RxNamer.framework */,
			);
			name = Frameworks;
			sourceTree = "<group>";
		};
		FC05C2D024876E02004685E2 = {
			isa = PBXGroup;
			children = (
				FC05C2DB24876E02004685E2 /* RxNamer */,
				FC05C2DA24876E02004685E2 /* Products */,
				1C5674B8B405E5F9FBF009BC /* Pods */,
				DFA91C507F2A23FB6829B0AF /* Frameworks */,
			);
			sourceTree = "<group>";
		};
		FC05C2DA24876E02004685E2 /* Products */ = {
			isa = PBXGroup;
			children = (
				FC05C2D924876E02004685E2 /* RxNamer.app */,
			);
			name = Products;
			sourceTree = "<group>";
		};
		FC05C2DB24876E02004685E2 /* RxNamer */ = {
			isa = PBXGroup;
			children = (
				FC05C2DC24876E02004685E2 /* AppDelegate.swift */,
				FC05C2DE24876E02004685E2 /* SceneDelegate.swift */,
				FC05C2E024876E02004685E2 /* ViewController.swift */,
				FC05C2E224876E02004685E2 /* Main.storyboard */,
				FC05C2E524876E03004685E2 /* Assets.xcassets */,
				FC05C2E724876E03004685E2 /* LaunchScreen.storyboard */,
				FC05C2EA24876E03004685E2 /* Info.plist */,
			);
			path = RxNamer;
			sourceTree = "<group>";
		};
/* End PBXGroup section */

/* Begin PBXNativeTarget section */
		FC05C2D824876E02004685E2 /* RxNamer */ = {
			isa = PBXNativeTarget;
			buildConfigurationList = FC05C2ED24876E03004685E2 /* Build configuration list for PBXNativeTarget "RxNamer" */;
			buildPhases = (
				B9E8E2D9607490F54F28A3DC /* [CP] Check Pods Manifest.lock */,
				FC05C2D524876E02004685E2 /* Sources */,
				FC05C2D624876E02004685E2 /* Frameworks */,
				FC05C2D724876E02004685E2 /* Resources */,
				C13853EAEA13FC5736DA160B /* [CP] Embed Pods Frameworks */,
			);
			buildRules = (
			);
			dependencies = (
			);
			name = RxNamer;
			productName = RxNamer;
			productReference = FC05C2D924876E02004685E2 /* RxNamer.app */;
			productType = "com.apple.product-type.application";
		};
/* End PBXNativeTarget section */

/* Begin PBXProject section */
		FC05C2D124876E02004685E2 /* Project object */ = {
			isa = PBXProject;
			attributes = {
				LastSwiftUpdateCheck = 1150;
				LastUpgradeCheck = 1150;
				ORGANIZATIONNAME = omrobbie;
				TargetAttributes = {
					FC05C2D824876E02004685E2 = {
						CreatedOnToolsVersion = 11.5;
					};
				};
			};
			buildConfigurationList = FC05C2D424876E02004685E2 /* Build configuration list for PBXProject "RxNamer" */;
			compatibilityVersion = "Xcode 9.3";
			developmentRegion = en;
			hasScannedForEncodings = 0;
			knownRegions = (
				en,
				Base,
			);
			mainGroup = FC05C2D024876E02004685E2;
			productRefGroup = FC05C2DA24876E02004685E2 /* Products */;
			projectDirPath = "";
			projectRoot = "";
			targets = (
				FC05C2D824876E02004685E2 /* RxNamer */,
			);
		};
/* End PBXProject section */

/* Begin PBXResourcesBuildPhase section */
		FC05C2D724876E02004685E2 /* Resources */ = {
			isa = PBXResourcesBuildPhase;
			buildActionMask = 2147483647;
			files = (
				FC05C2E924876E03004685E2 /* LaunchScreen.storyboard in Resources */,
				FC05C2E624876E03004685E2 /* Assets.xcassets in Resources */,
				FC05C2E424876E02004685E2 /* Main.storyboard in Resources */,
			);
			runOnlyForDeploymentPostprocessing = 0;
		};
/* End PBXResourcesBuildPhase section */

/* Begin PBXShellScriptBuildPhase section */
		B9E8E2D9607490F54F28A3DC /* [CP] Check Pods Manifest.lock */ = {
			isa = PBXShellScriptBuildPhase;
			buildActionMask = 2147483647;
			files = (
			);
			inputFileListPaths = (
			);
			inputPaths = (
				"${PODS_PODFILE_DIR_PATH}/Podfile.lock",
				"${PODS_ROOT}/Manifest.lock",
			);
			name = "[CP] Check Pods Manifest.lock";
			outputFileListPaths = (
			);
			outputPaths = (
				"$(DERIVED_FILE_DIR)/Pods-RxNamer-checkManifestLockResult.txt",
			);
			runOnlyForDeploymentPostprocessing = 0;
			shellPath = /bin/sh;
			shellScript = "diff \"${PODS_PODFILE_DIR_PATH}/Podfile.lock\" \"${PODS_ROOT}/Manifest.lock\" > /dev/null\nif [ $? != 0 ] ; then\n    # print error to STDERR\n    echo \"error: The sandbox is not in sync with the Podfile.lock. Run 'pod install' or update your CocoaPods installation.\" >&2\n    exit 1\nfi\n# This output is used by Xcode 'outputs' to avoid re-running this script phase.\necho \"SUCCESS\" > \"${SCRIPT_OUTPUT_FILE_0}\"\n";
			showEnvVarsInLog = 0;
		};
		C13853EAEA13FC5736DA160B /* [CP] Embed Pods Frameworks */ = {
			isa = PBXShellScriptBuildPhase;
			buildActionMask = 2147483647;
			files = (
			);
			inputFileListPaths = (
				"${PODS_ROOT}/Target Support Files/Pods-RxNamer/Pods-RxNamer-frameworks-${CONFIGURATION}-input-files.xcfilelist",
			);
			name = "[CP] Embed Pods Frameworks";
			outputFileListPaths = (
				"${PODS_ROOT}/Target Support Files/Pods-RxNamer/Pods-RxNamer-frameworks-${CONFIGURATION}-output-files.xcfilelist",
			);
			runOnlyForDeploymentPostprocessing = 0;
			shellPath = /bin/sh;
			shellScript = "\"${PODS_ROOT}/Target Support Files/Pods-RxNamer/Pods-RxNamer-frameworks.sh\"\n";
			showEnvVarsInLog = 0;
		};
/* End PBXShellScriptBuildPhase section */

/* Begin PBXSourcesBuildPhase section */
		FC05C2D524876E02004685E2 /* Sources */ = {
			isa = PBXSourcesBuildPhase;
			buildActionMask = 2147483647;
			files = (
				FC05C2E124876E02004685E2 /* ViewController.swift in Sources */,
				FC05C2DD24876E02004685E2 /* AppDelegate.swift in Sources */,
				FC05C2DF24876E02004685E2 /* SceneDelegate.swift in Sources */,
			);
			runOnlyForDeploymentPostprocessing = 0;
		};
/* End PBXSourcesBuildPhase section */

/* Begin PBXVariantGroup section */
		FC05C2E224876E02004685E2 /* Main.storyboard */ = {
			isa = PBXVariantGroup;
			children = (
				FC05C2E324876E02004685E2 /* Base */,
			);
			name = Main.storyboard;
			sourceTree = "<group>";
		};
		FC05C2E724876E03004685E2 /* LaunchScreen.storyboard */ = {
			isa = PBXVariantGroup;
			children = (
				FC05C2E824876E03004685E2 /* Base */,
			);
			name = LaunchScreen.storyboard;
			sourceTree = "<group>";
		};
/* End PBXVariantGroup section */

/* Begin XCBuildConfiguration section */
		FC05C2EB24876E03004685E2 /* Debug */ = {
			isa = XCBuildConfiguration;
			buildSettings = {
				ALWAYS_SEARCH_USER_PATHS = NO;
				CLANG_ANALYZER_NONNULL = YES;
				CLANG_ANALYZER_NUMBER_OBJECT_CONVERSION = YES_AGGRESSIVE;
				CLANG_CXX_LANGUAGE_STANDARD = "gnu++14";
				CLANG_CXX_LIBRARY = "libc++";
				CLANG_ENABLE_MODULES = YES;
				CLANG_ENABLE_OBJC_ARC = YES;
				CLANG_ENABLE_OBJC_WEAK = YES;
				CLANG_WARN_BLOCK_CAPTURE_AUTORELEASING = YES;
				CLANG_WARN_BOOL_CONVERSION = YES;
				CLANG_WARN_COMMA = YES;
				CLANG_WARN_CONSTANT_CONVERSION = YES;
				CLANG_WARN_DEPRECATED_OBJC_IMPLEMENTATIONS = YES;
				CLANG_WARN_DIRECT_OBJC_ISA_USAGE = YES_ERROR;
				CLANG_WARN_DOCUMENTATION_COMMENTS = YES;
				CLANG_WARN_EMPTY_BODY = YES;
				CLANG_WARN_ENUM_CONVERSION = YES;
				CLANG_WARN_INFINITE_RECURSION = YES;
				CLANG_WARN_INT_CONVERSION = YES;
				CLANG_WARN_NON_LITERAL_NULL_CONVERSION = YES;
				CLANG_WARN_OBJC_IMPLICIT_RETAIN_SELF = YES;
				CLANG_WARN_OBJC_LITERAL_CONVERSION = YES;
				CLANG_WARN_OBJC_ROOT_CLASS = YES_ERROR;
				CLANG_WARN_RANGE_LOOP_ANALYSIS = YES;
				CLANG_WARN_STRICT_PROTOTYPES = YES;
				CLANG_WARN_SUSPICIOUS_MOVE = YES;
				CLANG_WARN_UNGUARDED_AVAILABILITY = YES_AGGRESSIVE;
				CLANG_WARN_UNREACHABLE_CODE = YES;
				CLANG_WARN__DUPLICATE_METHOD_MATCH = YES;
				COPY_PHASE_STRIP = NO;
				DEBUG_INFORMATION_FORMAT = dwarf;
				ENABLE_STRICT_OBJC_MSGSEND = YES;
				ENABLE_TESTABILITY = YES;
				GCC_C_LANGUAGE_STANDARD = gnu11;
				GCC_DYNAMIC_NO_PIC = NO;
				GCC_NO_COMMON_BLOCKS = YES;
				GCC_OPTIMIZATION_LEVEL = 0;
				GCC_PREPROCESSOR_DEFINITIONS = (
					"DEBUG=1",
					"$(inherited)",
				);
				GCC_WARN_64_TO_32_BIT_CONVERSION = YES;
				GCC_WARN_ABOUT_RETURN_TYPE = YES_ERROR;
				GCC_WARN_UNDECLARED_SELECTOR = YES;
				GCC_WARN_UNINITIALIZED_AUTOS = YES_AGGRESSIVE;
				GCC_WARN_UNUSED_FUNCTION = YES;
				GCC_WARN_UNUSED_VARIABLE = YES;
				IPHONEOS_DEPLOYMENT_TARGET = 13.5;
				MTL_ENABLE_DEBUG_INFO = INCLUDE_SOURCE;
				MTL_FAST_MATH = YES;
				ONLY_ACTIVE_ARCH = YES;
				SDKROOT = iphoneos;
				SWIFT_ACTIVE_COMPILATION_CONDITIONS = DEBUG;
				SWIFT_OPTIMIZATION_LEVEL = "-Onone";
			};
			name = Debug;
		};
		FC05C2EC24876E03004685E2 /* Release */ = {
			isa = XCBuildConfiguration;
			buildSettings = {
				ALWAYS_SEARCH_USER_PATHS = NO;
				CLANG_ANALYZER_NONNULL = YES;
				CLANG_ANALYZER_NUMBER_OBJECT_CONVERSION = YES_AGGRESSIVE;
				CLANG_CXX_LANGUAGE_STANDARD = "gnu++14";
				CLANG_CXX_LIBRARY = "libc++";
				CLANG_ENABLE_MODULES = YES;
				CLANG_ENABLE_OBJC_ARC = YES;
				CLANG_ENABLE_OBJC_WEAK = YES;
				CLANG_WARN_BLOCK_CAPTURE_AUTORELEASING = YES;
				CLANG_WARN_BOOL_CONVERSION = YES;
				CLANG_WARN_COMMA = YES;
				CLANG_WARN_CONSTANT_CONVERSION = YES;
				CLANG_WARN_DEPRECATED_OBJC_IMPLEMENTATIONS = YES;
				CLANG_WARN_DIRECT_OBJC_ISA_USAGE = YES_ERROR;
				CLANG_WARN_DOCUMENTATION_COMMENTS = YES;
				CLANG_WARN_EMPTY_BODY = YES;
				CLANG_WARN_ENUM_CONVERSION = YES;
				CLANG_WARN_INFINITE_RECURSION = YES;
				CLANG_WARN_INT_CONVERSION = YES;
				CLANG_WARN_NON_LITERAL_NULL_CONVERSION = YES;
				CLANG_WARN_OBJC_IMPLICIT_RETAIN_SELF = YES;
				CLANG_WARN_OBJC_LITERAL_CONVERSION = YES;
				CLANG_WARN_OBJC_ROOT_CLASS = YES_ERROR;
				CLANG_WARN_RANGE_LOOP_ANALYSIS = YES;
				CLANG_WARN_STRICT_PROTOTYPES = YES;
				CLANG_WARN_SUSPICIOUS_MOVE = YES;
				CLANG_WARN_UNGUARDED_AVAILABILITY = YES_AGGRESSIVE;
				CLANG_WARN_UNREACHABLE_CODE = YES;
				CLANG_WARN__DUPLICATE_METHOD_MATCH = YES;
				COPY_PHASE_STRIP = NO;
				DEBUG_INFORMATION_FORMAT = "dwarf-with-dsym";
				ENABLE_NS_ASSERTIONS = NO;
				ENABLE_STRICT_OBJC_MSGSEND = YES;
				GCC_C_LANGUAGE_STANDARD = gnu11;
				GCC_NO_COMMON_BLOCKS = YES;
				GCC_WARN_64_TO_32_BIT_CONVERSION = YES;
				GCC_WARN_ABOUT_RETURN_TYPE = YES_ERROR;
				GCC_WARN_UNDECLARED_SELECTOR = YES;
				GCC_WARN_UNINITIALIZED_AUTOS = YES_AGGRESSIVE;
				GCC_WARN_UNUSED_FUNCTION = YES;
				GCC_WARN_UNUSED_VARIABLE = YES;
				IPHONEOS_DEPLOYMENT_TARGET = 13.5;
				MTL_ENABLE_DEBUG_INFO = NO;
				MTL_FAST_MATH = YES;
				SDKROOT = iphoneos;
				SWIFT_COMPILATION_MODE = wholemodule;
				SWIFT_OPTIMIZATION_LEVEL = "-O";
				VALIDATE_PRODUCT = YES;
			};
			name = Release;
		};
		FC05C2EE24876E03004685E2 /* Debug */ = {
			isa = XCBuildConfiguration;
			baseConfigurationReference = C69DAA23BD32C2A8EE61258B /* Pods-RxNamer.debug.xcconfig */;
			buildSettings = {
				ASSETCATALOG_COMPILER_APPICON_NAME = AppIcon;
				CODE_SIGN_STYLE = Automatic;
				INFOPLIST_FILE = RxNamer/Info.plist;
				LD_RUNPATH_SEARCH_PATHS = (
					"$(inherited)",
					"@executable_path/Frameworks",
				);
				PRODUCT_BUNDLE_IDENTIFIER = com.omrobbie.RxNamer;
				PRODUCT_NAME = "$(TARGET_NAME)";
				SWIFT_VERSION = 5.0;
				TARGETED_DEVICE_FAMILY = 1;
			};
			name = Debug;
		};
		FC05C2EF24876E03004685E2 /* Release */ = {
			isa = XCBuildConfiguration;
			baseConfigurationReference = EC46096669CDD6A8DCF92139 /* Pods-RxNamer.release.xcconfig */;
			buildSettings = {
				ASSETCATALOG_COMPILER_APPICON_NAME = AppIcon;
				CODE_SIGN_STYLE = Automatic;
				INFOPLIST_FILE = RxNamer/Info.plist;
				LD_RUNPATH_SEARCH_PATHS = (
					"$(inherited)",
					"@executable_path/Frameworks",
				);
				PRODUCT_BUNDLE_IDENTIFIER = com.omrobbie.RxNamer;
				PRODUCT_NAME = "$(TARGET_NAME)";
				SWIFT_VERSION = 5.0;
				TARGETED_DEVICE_FAMILY = 1;
			};
			name = Release;
		};
/* End XCBuildConfiguration section */

/* Begin XCConfigurationList section */
		FC05C2D424876E02004685E2 /* Build configuration list for PBXProject "RxNamer" */ = {
			isa = XCConfigurationList;
			buildConfigurations = (
				FC05C2EB24876E03004685E2 /* Debug */,
				FC05C2EC24876E03004685E2 /* Release */,
			);
			defaultConfigurationIsVisible = 0;
			defaultConfigurationName = Release;
		};
		FC05C2ED24876E03004685E2 /* Build configuration list for PBXNativeTarget "RxNamer" */ = {
			isa = XCConfigurationList;
			buildConfigurations = (
				FC05C2EE24876E03004685E2 /* Debug */,
				FC05C2EF24876E03004685E2 /* Release */,
			);
			defaultConfigurationIsVisible = 0;
			defaultConfigurationName = Release;
		};
/* End XCConfigurationList section */
	};
	rootObject = FC05C2D124876E02004685E2 /* Project object */;
}
