// !$*UTF8*$!
{
	archiveVersion = 1;
	classes = {
	};
	objectVersion = 50;
	objects = {

/* Begin PBXBuildFile section */
		FC38629223D03D8E00AAFB93 /* AppDelegate.swift in Sources */ = {isa = PBXBuildFile; fileRef = FC38629123D03D8E00AAFB93 /* AppDelegate.swift */; };
		FC38629423D03D8E00AAFB93 /* SceneDelegate.swift in Sources */ = {isa = PBXBuildFile; fileRef = FC38629323D03D8E00AAFB93 /* SceneDelegate.swift */; };
		FC38629623D03D8E00AAFB93 /* CategoriesVC.swift in Sources */ = {isa = PBXBuildFile; fileRef = FC38629523D03D8E00AAFB93 /* CategoriesVC.swift */; };
		FC38629923D03D8E00AAFB93 /* Main.storyboard in Resources */ = {isa = PBXBuildFile; fileRef = FC38629723D03D8E00AAFB93 /* Main.storyboard */; };
		FC38629B23D03D9000AAFB93 /* Assets.xcassets in Resources */ = {isa = PBXBuildFile; fileRef = FC38629A23D03D9000AAFB93 /* Assets.xcassets */; };
		FC38629E23D03D9000AAFB93 /* LaunchScreen.storyboard in Resources */ = {isa = PBXBuildFile; fileRef = FC38629C23D03D9000AAFB93 /* LaunchScreen.storyboard */; };
		FC3862AA23D0470A00AAFB93 /* CategoryCell.swift in Sources */ = {isa = PBXBuildFile; fileRef = FC3862A923D0470A00AAFB93 /* CategoryCell.swift */; };
		FC3862AC23D0488600AAFB93 /* Category.swift in Sources */ = {isa = PBXBuildFile; fileRef = FC3862AB23D0488600AAFB93 /* Category.swift */; };
		FC3862AF23D04AE500AAFB93 /* DataService.swift in Sources */ = {isa = PBXBuildFile; fileRef = FC3862AE23D04AE500AAFB93 /* DataService.swift */; };
		FC3862B123D0792200AAFB93 /* ProductCell.swift in Sources */ = {isa = PBXBuildFile; fileRef = FC3862B023D0792200AAFB93 /* ProductCell.swift */; };
/* End PBXBuildFile section */

/* Begin PBXFileReference section */
		FC38628E23D03D8E00AAFB93 /* coder-swag.app */ = {isa = PBXFileReference; explicitFileType = wrapper.application; includeInIndex = 0; path = "coder-swag.app"; sourceTree = BUILT_PRODUCTS_DIR; };
		FC38629123D03D8E00AAFB93 /* AppDelegate.swift */ = {isa = PBXFileReference; lastKnownFileType = sourcecode.swift; path = AppDelegate.swift; sourceTree = "<group>"; };
		FC38629323D03D8E00AAFB93 /* SceneDelegate.swift */ = {isa = PBXFileReference; lastKnownFileType = sourcecode.swift; path = SceneDelegate.swift; sourceTree = "<group>"; };
		FC38629523D03D8E00AAFB93 /* CategoriesVC.swift */ = {isa = PBXFileReference; lastKnownFileType = sourcecode.swift; path = CategoriesVC.swift; sourceTree = "<group>"; };
		FC38629823D03D8E00AAFB93 /* Base */ = {isa = PBXFileReference; lastKnownFileType = file.storyboard; name = Base; path = Base.lproj/Main.storyboard; sourceTree = "<group>"; };
		FC38629A23D03D9000AAFB93 /* Assets.xcassets */ = {isa = PBXFileReference; lastKnownFileType = folder.assetcatalog; path = Assets.xcassets; sourceTree = "<group>"; };
		FC38629D23D03D9000AAFB93 /* Base */ = {isa = PBXFileReference; lastKnownFileType = file.storyboard; name = Base; path = Base.lproj/LaunchScreen.storyboard; sourceTree = "<group>"; };
		FC38629F23D03D9000AAFB93 /* Info.plist */ = {isa = PBXFileReference; lastKnownFileType = text.plist.xml; path = Info.plist; sourceTree = "<group>"; };
		FC3862A923D0470A00AAFB93 /* CategoryCell.swift */ = {isa = PBXFileReference; lastKnownFileType = sourcecode.swift; path = CategoryCell.swift; sourceTree = "<group>"; };
		FC3862AB23D0488600AAFB93 /* Category.swift */ = {isa = PBXFileReference; lastKnownFileType = sourcecode.swift; path = Category.swift; sourceTree = "<group>"; };
		FC3862AE23D04AE500AAFB93 /* DataService.swift */ = {isa = PBXFileReference; lastKnownFileType = sourcecode.swift; path = DataService.swift; sourceTree = "<group>"; };
		FC3862B023D0792200AAFB93 /* ProductCell.swift */ = {isa = PBXFileReference; lastKnownFileType = sourcecode.swift; path = ProductCell.swift; sourceTree = "<group>"; };
/* End PBXFileReference section */

/* Begin PBXFrameworksBuildPhase section */
		FC38628B23D03D8E00AAFB93 /* Frameworks */ = {
			isa = PBXFrameworksBuildPhase;
			buildActionMask = 2147483647;
			files = (
			);
			runOnlyForDeploymentPostprocessing = 0;
		};
/* End PBXFrameworksBuildPhase section */

/* Begin PBXGroup section */
		FC38628523D03D8E00AAFB93 = {
			isa = PBXGroup;
			children = (
				FC38629023D03D8E00AAFB93 /* coder-swag */,
				FC38628F23D03D8E00AAFB93 /* Products */,
			);
			sourceTree = "<group>";
		};
		FC38628F23D03D8E00AAFB93 /* Products */ = {
			isa = PBXGroup;
			children = (
				FC38628E23D03D8E00AAFB93 /* coder-swag.app */,
			);
			name = Products;
			sourceTree = "<group>";
		};
		FC38629023D03D8E00AAFB93 /* coder-swag */ = {
			isa = PBXGroup;
			children = (
				FC3862AD23D04AD100AAFB93 /* Service */,
				FC3862A823D046A700AAFB93 /* Model */,
				FC3862A723D046A300AAFB93 /* View */,
				FC3862A623D0469A00AAFB93 /* Controller */,
				FC38629123D03D8E00AAFB93 /* AppDelegate.swift */,
				FC38629323D03D8E00AAFB93 /* SceneDelegate.swift */,
				FC38629723D03D8E00AAFB93 /* Main.storyboard */,
				FC38629A23D03D9000AAFB93 /* Assets.xcassets */,
				FC38629C23D03D9000AAFB93 /* LaunchScreen.storyboard */,
				FC38629F23D03D9000AAFB93 /* Info.plist */,
			);
			path = "coder-swag";
			sourceTree = "<group>";
		};
		FC3862A623D0469A00AAFB93 /* Controller */ = {
			isa = PBXGroup;
			children = (
				FC38629523D03D8E00AAFB93 /* CategoriesVC.swift */,
			);
			path = Controller;
			sourceTree = "<group>";
		};
		FC3862A723D046A300AAFB93 /* View */ = {
			isa = PBXGroup;
			children = (
				FC3862A923D0470A00AAFB93 /* CategoryCell.swift */,
				FC3862B023D0792200AAFB93 /* ProductCell.swift */,
			);
			path = View;
			sourceTree = "<group>";
		};
		FC3862A823D046A700AAFB93 /* Model */ = {
			isa = PBXGroup;
			children = (
				FC3862AB23D0488600AAFB93 /* Category.swift */,
			);
			path = Model;
			sourceTree = "<group>";
		};
		FC3862AD23D04AD100AAFB93 /* Service */ = {
			isa = PBXGroup;
			children = (
				FC3862AE23D04AE500AAFB93 /* DataService.swift */,
			);
			path = Service;
			sourceTree = "<group>";
		};
/* End PBXGroup section */

/* Begin PBXNativeTarget section */
		FC38628D23D03D8E00AAFB93 /* coder-swag */ = {
			isa = PBXNativeTarget;
			buildConfigurationList = FC3862A223D03D9000AAFB93 /* Build configuration list for PBXNativeTarget "coder-swag" */;
			buildPhases = (
				FC38628A23D03D8E00AAFB93 /* Sources */,
				FC38628B23D03D8E00AAFB93 /* Frameworks */,
				FC38628C23D03D8E00AAFB93 /* Resources */,
			);
			buildRules = (
			);
			dependencies = (
			);
			name = "coder-swag";
			productName = "coder-swag";
			productReference = FC38628E23D03D8E00AAFB93 /* coder-swag.app */;
			productType = "com.apple.product-type.application";
		};
/* End PBXNativeTarget section */

/* Begin PBXProject section */
		FC38628623D03D8E00AAFB93 /* Project object */ = {
			isa = PBXProject;
			attributes = {
				LastSwiftUpdateCheck = 1130;
				LastUpgradeCheck = 1130;
				ORGANIZATIONNAME = omrobbie;
				TargetAttributes = {
					FC38628D23D03D8E00AAFB93 = {
						CreatedOnToolsVersion = 11.3.1;
					};
				};
			};
			buildConfigurationList = FC38628923D03D8E00AAFB93 /* Build configuration list for PBXProject "coder-swag" */;
			compatibilityVersion = "Xcode 9.3";
			developmentRegion = en;
			hasScannedForEncodings = 0;
			knownRegions = (
				en,
				Base,
			);
			mainGroup = FC38628523D03D8E00AAFB93;
			productRefGroup = FC38628F23D03D8E00AAFB93 /* Products */;
			projectDirPath = "";
			projectRoot = "";
			targets = (
				FC38628D23D03D8E00AAFB93 /* coder-swag */,
			);
		};
/* End PBXProject section */

/* Begin PBXResourcesBuildPhase section */
		FC38628C23D03D8E00AAFB93 /* Resources */ = {
			isa = PBXResourcesBuildPhase;
			buildActionMask = 2147483647;
			files = (
				FC38629E23D03D9000AAFB93 /* LaunchScreen.storyboard in Resources */,
				FC38629B23D03D9000AAFB93 /* Assets.xcassets in Resources */,
				FC38629923D03D8E00AAFB93 /* Main.storyboard in Resources */,
			);
			runOnlyForDeploymentPostprocessing = 0;
		};
/* End PBXResourcesBuildPhase section */

/* Begin PBXSourcesBuildPhase section */
		FC38628A23D03D8E00AAFB93 /* Sources */ = {
			isa = PBXSourcesBuildPhase;
			buildActionMask = 2147483647;
			files = (
				FC38629623D03D8E00AAFB93 /* CategoriesVC.swift in Sources */,
				FC3862AC23D0488600AAFB93 /* Category.swift in Sources */,
				FC38629223D03D8E00AAFB93 /* AppDelegate.swift in Sources */,
				FC3862AF23D04AE500AAFB93 /* DataService.swift in Sources */,
				FC38629423D03D8E00AAFB93 /* SceneDelegate.swift in Sources */,
				FC3862B123D0792200AAFB93 /* ProductCell.swift in Sources */,
				FC3862AA23D0470A00AAFB93 /* CategoryCell.swift in Sources */,
			);
			runOnlyForDeploymentPostprocessing = 0;
		};
/* End PBXSourcesBuildPhase section */

/* Begin PBXVariantGroup section */
		FC38629723D03D8E00AAFB93 /* Main.storyboard */ = {
			isa = PBXVariantGroup;
			children = (
				FC38629823D03D8E00AAFB93 /* Base */,
			);
			name = Main.storyboard;
			sourceTree = "<group>";
		};
		FC38629C23D03D9000AAFB93 /* LaunchScreen.storyboard */ = {
			isa = PBXVariantGroup;
			children = (
				FC38629D23D03D9000AAFB93 /* Base */,
			);
			name = LaunchScreen.storyboard;
			sourceTree = "<group>";
		};
/* End PBXVariantGroup section */

/* Begin XCBuildConfiguration section */
		FC3862A023D03D9000AAFB93 /* Debug */ = {
			isa = XCBuildConfiguration;
			buildSettings = {
				ALWAYS_SEARCH_USER_PATHS = NO;
				CLANG_ANALYZER_NONNULL = YES;
				CLANG_ANALYZER_NUMBER_OBJECT_CONVERSION = YES_AGGRESSIVE;
				CLANG_CXX_LANGUAGE_STANDARD = "gnu++14";
				CLANG_CXX_LIBRARY = "libc++";
				CLANG_ENABLE_MODULES = YES;
				CLANG_ENABLE_OBJC_ARC = YES;
				CLANG_ENABLE_OBJC_WEAK = YES;
				CLANG_WARN_BLOCK_CAPTURE_AUTORELEASING = YES;
				CLANG_WARN_BOOL_CONVERSION = YES;
				CLANG_WARN_COMMA = YES;
				CLANG_WARN_CONSTANT_CONVERSION = YES;
				CLANG_WARN_DEPRECATED_OBJC_IMPLEMENTATIONS = YES;
				CLANG_WARN_DIRECT_OBJC_ISA_USAGE = YES_ERROR;
				CLANG_WARN_DOCUMENTATION_COMMENTS = YES;
				CLANG_WARN_EMPTY_BODY = YES;
				CLANG_WARN_ENUM_CONVERSION = YES;
				CLANG_WARN_INFINITE_RECURSION = YES;
				CLANG_WARN_INT_CONVERSION = YES;
				CLANG_WARN_NON_LITERAL_NULL_CONVERSION = YES;
				CLANG_WARN_OBJC_IMPLICIT_RETAIN_SELF = YES;
				CLANG_WARN_OBJC_LITERAL_CONVERSION = YES;
				CLANG_WARN_OBJC_ROOT_CLASS = YES_ERROR;
				CLANG_WARN_RANGE_LOOP_ANALYSIS = YES;
				CLANG_WARN_STRICT_PROTOTYPES = YES;
				CLANG_WARN_SUSPICIOUS_MOVE = YES;
				CLANG_WARN_UNGUARDED_AVAILABILITY = YES_AGGRESSIVE;
				CLANG_WARN_UNREACHABLE_CODE = YES;
				CLANG_WARN__DUPLICATE_METHOD_MATCH = YES;
				COPY_PHASE_STRIP = NO;
				DEBUG_INFORMATION_FORMAT = dwarf;
				ENABLE_STRICT_OBJC_MSGSEND = YES;
				ENABLE_TESTABILITY = YES;
				GCC_C_LANGUAGE_STANDARD = gnu11;
				GCC_DYNAMIC_NO_PIC = NO;
				GCC_NO_COMMON_BLOCKS = YES;
				GCC_OPTIMIZATION_LEVEL = 0;
				GCC_PREPROCESSOR_DEFINITIONS = (
					"DEBUG=1",
					"$(inherited)",
				);
				GCC_WARN_64_TO_32_BIT_CONVERSION = YES;
				GCC_WARN_ABOUT_RETURN_TYPE = YES_ERROR;
				GCC_WARN_UNDECLARED_SELECTOR = YES;
				GCC_WARN_UNINITIALIZED_AUTOS = YES_AGGRESSIVE;
				GCC_WARN_UNUSED_FUNCTION = YES;
				GCC_WARN_UNUSED_VARIABLE = YES;
				IPHONEOS_DEPLOYMENT_TARGET = 13.2;
				MTL_ENABLE_DEBUG_INFO = INCLUDE_SOURCE;
				MTL_FAST_MATH = YES;
				ONLY_ACTIVE_ARCH = YES;
				SDKROOT = iphoneos;
				SWIFT_ACTIVE_COMPILATION_CONDITIONS = DEBUG;
				SWIFT_OPTIMIZATION_LEVEL = "-Onone";
			};
			name = Debug;
		};
		FC3862A123D03D9000AAFB93 /* Release */ = {
			isa = XCBuildConfiguration;
			buildSettings = {
				ALWAYS_SEARCH_USER_PATHS = NO;
				CLANG_ANALYZER_NONNULL = YES;
				CLANG_ANALYZER_NUMBER_OBJECT_CONVERSION = YES_AGGRESSIVE;
				CLANG_CXX_LANGUAGE_STANDARD = "gnu++14";
				CLANG_CXX_LIBRARY = "libc++";
				CLANG_ENABLE_MODULES = YES;
				CLANG_ENABLE_OBJC_ARC = YES;
				CLANG_ENABLE_OBJC_WEAK = YES;
				CLANG_WARN_BLOCK_CAPTURE_AUTORELEASING = YES;
				CLANG_WARN_BOOL_CONVERSION = YES;
				CLANG_WARN_COMMA = YES;
				CLANG_WARN_CONSTANT_CONVERSION = YES;
				CLANG_WARN_DEPRECATED_OBJC_IMPLEMENTATIONS = YES;
				CLANG_WARN_DIRECT_OBJC_ISA_USAGE = YES_ERROR;
				CLANG_WARN_DOCUMENTATION_COMMENTS = YES;
				CLANG_WARN_EMPTY_BODY = YES;
				CLANG_WARN_ENUM_CONVERSION = YES;
				CLANG_WARN_INFINITE_RECURSION = YES;
				CLANG_WARN_INT_CONVERSION = YES;
				CLANG_WARN_NON_LITERAL_NULL_CONVERSION = YES;
				CLANG_WARN_OBJC_IMPLICIT_RETAIN_SELF = YES;
				CLANG_WARN_OBJC_LITERAL_CONVERSION = YES;
				CLANG_WARN_OBJC_ROOT_CLASS = YES_ERROR;
				CLANG_WARN_RANGE_LOOP_ANALYSIS = YES;
				CLANG_WARN_STRICT_PROTOTYPES = YES;
				CLANG_WARN_SUSPICIOUS_MOVE = YES;
				CLANG_WARN_UNGUARDED_AVAILABILITY = YES_AGGRESSIVE;
				CLANG_WARN_UNREACHABLE_CODE = YES;
				CLANG_WARN__DUPLICATE_METHOD_MATCH = YES;
				COPY_PHASE_STRIP = NO;
				DEBUG_INFORMATION_FORMAT = "dwarf-with-dsym";
				ENABLE_NS_ASSERTIONS = NO;
				ENABLE_STRICT_OBJC_MSGSEND = YES;
				GCC_C_LANGUAGE_STANDARD = gnu11;
				GCC_NO_COMMON_BLOCKS = YES;
				GCC_WARN_64_TO_32_BIT_CONVERSION = YES;
				GCC_WARN_ABOUT_RETURN_TYPE = YES_ERROR;
				GCC_WARN_UNDECLARED_SELECTOR = YES;
				GCC_WARN_UNINITIALIZED_AUTOS = YES_AGGRESSIVE;
				GCC_WARN_UNUSED_FUNCTION = YES;
				GCC_WARN_UNUSED_VARIABLE = YES;
				IPHONEOS_DEPLOYMENT_TARGET = 13.2;
				MTL_ENABLE_DEBUG_INFO = NO;
				MTL_FAST_MATH = YES;
				SDKROOT = iphoneos;
				SWIFT_COMPILATION_MODE = wholemodule;
				SWIFT_OPTIMIZATION_LEVEL = "-O";
				VALIDATE_PRODUCT = YES;
			};
			name = Release;
		};
		FC3862A323D03D9000AAFB93 /* Debug */ = {
			isa = XCBuildConfiguration;
			buildSettings = {
				ASSETCATALOG_COMPILER_APPICON_NAME = AppIcon;
				CODE_SIGN_STYLE = Automatic;
				INFOPLIST_FILE = "coder-swag/Info.plist";
				LD_RUNPATH_SEARCH_PATHS = (
					"$(inherited)",
					"@executable_path/Frameworks",
				);
				PRODUCT_BUNDLE_IDENTIFIER = "com.omrobbie.coder-swag";
				PRODUCT_NAME = "$(TARGET_NAME)";
				SWIFT_VERSION = 5.0;
				TARGETED_DEVICE_FAMILY = "1,2";
			};
			name = Debug;
		};
		FC3862A423D03D9000AAFB93 /* Release */ = {
			isa = XCBuildConfiguration;
			buildSettings = {
				ASSETCATALOG_COMPILER_APPICON_NAME = AppIcon;
				CODE_SIGN_STYLE = Automatic;
				INFOPLIST_FILE = "coder-swag/Info.plist";
				LD_RUNPATH_SEARCH_PATHS = (
					"$(inherited)",
					"@executable_path/Frameworks",
				);
				PRODUCT_BUNDLE_IDENTIFIER = "com.omrobbie.coder-swag";
				PRODUCT_NAME = "$(TARGET_NAME)";
				SWIFT_VERSION = 5.0;
				TARGETED_DEVICE_FAMILY = "1,2";
			};
			name = Release;
		};
/* End XCBuildConfiguration section */

/* Begin XCConfigurationList section */
		FC38628923D03D8E00AAFB93 /* Build configuration list for PBXProject "coder-swag" */ = {
			isa = XCConfigurationList;
			buildConfigurations = (
				FC3862A023D03D9000AAFB93 /* Debug */,
				FC3862A123D03D9000AAFB93 /* Release */,
			);
			defaultConfigurationIsVisible = 0;
			defaultConfigurationName = Release;
		};
		FC3862A223D03D9000AAFB93 /* Build configuration list for PBXNativeTarget "coder-swag" */ = {
			isa = XCConfigurationList;
			buildConfigurations = (
				FC3862A323D03D9000AAFB93 /* Debug */,
				FC3862A423D03D9000AAFB93 /* Release */,
			);
			defaultConfigurationIsVisible = 0;
			defaultConfigurationName = Release;
		};
/* End XCConfigurationList section */
	};
	rootObject = FC38628623D03D8E00AAFB93 /* Project object */;
}
