// !$*UTF8*$!
{
	archiveVersion = 1;
	classes = {
	};
	objectVersion = 50;
	objects = {

/* Begin PBXBuildFile section */
		FCE61003240E2231005DE0D1 /* AppDelegate.swift in Sources */ = {isa = PBXBuildFile; fileRef = FCE61002240E2231005DE0D1 /* AppDelegate.swift */; };
		FCE61005240E2231005DE0D1 /* SceneDelegate.swift in Sources */ = {isa = PBXBuildFile; fileRef = FCE61004240E2231005DE0D1 /* SceneDelegate.swift */; };
		FCE61007240E2231005DE0D1 /* StorefrontVC.swift in Sources */ = {isa = PBXBuildFile; fileRef = FCE61006240E2231005DE0D1 /* StorefrontVC.swift */; };
		FCE6100A240E2231005DE0D1 /* Main.storyboard in Resources */ = {isa = PBXBuildFile; fileRef = FCE61008240E2231005DE0D1 /* Main.storyboard */; };
		FCE6100C240E2233005DE0D1 /* Assets.xcassets in Resources */ = {isa = PBXBuildFile; fileRef = FCE6100B240E2233005DE0D1 /* Assets.xcassets */; };
		FCE6100F240E2233005DE0D1 /* LaunchScreen.storyboard in Resources */ = {isa = PBXBuildFile; fileRef = FCE6100D240E2233005DE0D1 /* LaunchScreen.storyboard */; };
		FCE61017240E4426005DE0D1 /* ItemCell.swift in Sources */ = {isa = PBXBuildFile; fileRef = FCE61016240E4426005DE0D1 /* ItemCell.swift */; };
		FCE61019240E48E0005DE0D1 /* DetailVC.swift in Sources */ = {isa = PBXBuildFile; fileRef = FCE61018240E48E0005DE0D1 /* DetailVC.swift */; };
/* End PBXBuildFile section */

/* Begin PBXFileReference section */
		FCE60FFF240E2231005DE0D1 /* FoodZilla Store.app */ = {isa = PBXFileReference; explicitFileType = wrapper.application; includeInIndex = 0; path = "FoodZilla Store.app"; sourceTree = BUILT_PRODUCTS_DIR; };
		FCE61002240E2231005DE0D1 /* AppDelegate.swift */ = {isa = PBXFileReference; lastKnownFileType = sourcecode.swift; path = AppDelegate.swift; sourceTree = "<group>"; };
		FCE61004240E2231005DE0D1 /* SceneDelegate.swift */ = {isa = PBXFileReference; lastKnownFileType = sourcecode.swift; path = SceneDelegate.swift; sourceTree = "<group>"; };
		FCE61006240E2231005DE0D1 /* StorefrontVC.swift */ = {isa = PBXFileReference; lastKnownFileType = sourcecode.swift; path = StorefrontVC.swift; sourceTree = "<group>"; };
		FCE61009240E2231005DE0D1 /* Base */ = {isa = PBXFileReference; lastKnownFileType = file.storyboard; name = Base; path = Base.lproj/Main.storyboard; sourceTree = "<group>"; };
		FCE6100B240E2233005DE0D1 /* Assets.xcassets */ = {isa = PBXFileReference; lastKnownFileType = folder.assetcatalog; path = Assets.xcassets; sourceTree = "<group>"; };
		FCE6100E240E2233005DE0D1 /* Base */ = {isa = PBXFileReference; lastKnownFileType = file.storyboard; name = Base; path = Base.lproj/LaunchScreen.storyboard; sourceTree = "<group>"; };
		FCE61010240E2233005DE0D1 /* Info.plist */ = {isa = PBXFileReference; lastKnownFileType = text.plist.xml; path = Info.plist; sourceTree = "<group>"; };
		FCE61016240E4426005DE0D1 /* ItemCell.swift */ = {isa = PBXFileReference; lastKnownFileType = sourcecode.swift; path = ItemCell.swift; sourceTree = "<group>"; };
		FCE61018240E48E0005DE0D1 /* DetailVC.swift */ = {isa = PBXFileReference; lastKnownFileType = sourcecode.swift; path = DetailVC.swift; sourceTree = "<group>"; };
/* End PBXFileReference section */

/* Begin PBXFrameworksBuildPhase section */
		FCE60FFC240E2231005DE0D1 /* Frameworks */ = {
			isa = PBXFrameworksBuildPhase;
			buildActionMask = 2147483647;
			files = (
			);
			runOnlyForDeploymentPostprocessing = 0;
		};
/* End PBXFrameworksBuildPhase section */

/* Begin PBXGroup section */
		FCE60FF6240E2231005DE0D1 = {
			isa = PBXGroup;
			children = (
				FCE61001240E2231005DE0D1 /* FoodZilla */,
				FCE61000240E2231005DE0D1 /* Products */,
			);
			sourceTree = "<group>";
		};
		FCE61000240E2231005DE0D1 /* Products */ = {
			isa = PBXGroup;
			children = (
				FCE60FFF240E2231005DE0D1 /* FoodZilla Store.app */,
			);
			name = Products;
			sourceTree = "<group>";
		};
		FCE61001240E2231005DE0D1 /* FoodZilla */ = {
			isa = PBXGroup;
			children = (
				FCE61002240E2231005DE0D1 /* AppDelegate.swift */,
				FCE61004240E2231005DE0D1 /* SceneDelegate.swift */,
				FCE61006240E2231005DE0D1 /* StorefrontVC.swift */,
				FCE61016240E4426005DE0D1 /* ItemCell.swift */,
				FCE61008240E2231005DE0D1 /* Main.storyboard */,
				FCE61018240E48E0005DE0D1 /* DetailVC.swift */,
				FCE6100B240E2233005DE0D1 /* Assets.xcassets */,
				FCE6100D240E2233005DE0D1 /* LaunchScreen.storyboard */,
				FCE61010240E2233005DE0D1 /* Info.plist */,
			);
			path = FoodZilla;
			sourceTree = "<group>";
		};
/* End PBXGroup section */

/* Begin PBXNativeTarget section */
		FCE60FFE240E2231005DE0D1 /* FoodZilla */ = {
			isa = PBXNativeTarget;
			buildConfigurationList = FCE61013240E2233005DE0D1 /* Build configuration list for PBXNativeTarget "FoodZilla" */;
			buildPhases = (
				FCE60FFB240E2231005DE0D1 /* Sources */,
				FCE60FFC240E2231005DE0D1 /* Frameworks */,
				FCE60FFD240E2231005DE0D1 /* Resources */,
			);
			buildRules = (
			);
			dependencies = (
			);
			name = FoodZilla;
			productName = FoodZilla;
			productReference = FCE60FFF240E2231005DE0D1 /* FoodZilla Store.app */;
			productType = "com.apple.product-type.application";
		};
/* End PBXNativeTarget section */

/* Begin PBXProject section */
		FCE60FF7240E2231005DE0D1 /* Project object */ = {
			isa = PBXProject;
			attributes = {
				LastSwiftUpdateCheck = 1130;
				LastUpgradeCheck = 1130;
				ORGANIZATIONNAME = omrobbie;
				TargetAttributes = {
					FCE60FFE240E2231005DE0D1 = {
						CreatedOnToolsVersion = 11.3.1;
					};
				};
			};
			buildConfigurationList = FCE60FFA240E2231005DE0D1 /* Build configuration list for PBXProject "FoodZilla" */;
			compatibilityVersion = "Xcode 9.3";
			developmentRegion = en;
			hasScannedForEncodings = 0;
			knownRegions = (
				en,
				Base,
			);
			mainGroup = FCE60FF6240E2231005DE0D1;
			productRefGroup = FCE61000240E2231005DE0D1 /* Products */;
			projectDirPath = "";
			projectRoot = "";
			targets = (
				FCE60FFE240E2231005DE0D1 /* FoodZilla */,
			);
		};
/* End PBXProject section */

/* Begin PBXResourcesBuildPhase section */
		FCE60FFD240E2231005DE0D1 /* Resources */ = {
			isa = PBXResourcesBuildPhase;
			buildActionMask = 2147483647;
			files = (
				FCE6100F240E2233005DE0D1 /* LaunchScreen.storyboard in Resources */,
				FCE6100C240E2233005DE0D1 /* Assets.xcassets in Resources */,
				FCE6100A240E2231005DE0D1 /* Main.storyboard in Resources */,
			);
			runOnlyForDeploymentPostprocessing = 0;
		};
/* End PBXResourcesBuildPhase section */

/* Begin PBXSourcesBuildPhase section */
		FCE60FFB240E2231005DE0D1 /* Sources */ = {
			isa = PBXSourcesBuildPhase;
			buildActionMask = 2147483647;
			files = (
				FCE61019240E48E0005DE0D1 /* DetailVC.swift in Sources */,
				FCE61017240E4426005DE0D1 /* ItemCell.swift in Sources */,
				FCE61007240E2231005DE0D1 /* StorefrontVC.swift in Sources */,
				FCE61003240E2231005DE0D1 /* AppDelegate.swift in Sources */,
				FCE61005240E2231005DE0D1 /* SceneDelegate.swift in Sources */,
			);
			runOnlyForDeploymentPostprocessing = 0;
		};
/* End PBXSourcesBuildPhase section */

/* Begin PBXVariantGroup section */
		FCE61008240E2231005DE0D1 /* Main.storyboard */ = {
			isa = PBXVariantGroup;
			children = (
				FCE61009240E2231005DE0D1 /* Base */,
			);
			name = Main.storyboard;
			sourceTree = "<group>";
		};
		FCE6100D240E2233005DE0D1 /* LaunchScreen.storyboard */ = {
			isa = PBXVariantGroup;
			children = (
				FCE6100E240E2233005DE0D1 /* Base */,
			);
			name = LaunchScreen.storyboard;
			sourceTree = "<group>";
		};
/* End PBXVariantGroup section */

/* Begin XCBuildConfiguration section */
		FCE61011240E2233005DE0D1 /* Debug */ = {
			isa = XCBuildConfiguration;
			buildSettings = {
				ALWAYS_SEARCH_USER_PATHS = NO;
				CLANG_ANALYZER_NONNULL = YES;
				CLANG_ANALYZER_NUMBER_OBJECT_CONVERSION = YES_AGGRESSIVE;
				CLANG_CXX_LANGUAGE_STANDARD = "gnu++14";
				CLANG_CXX_LIBRARY = "libc++";
				CLANG_ENABLE_MODULES = YES;
				CLANG_ENABLE_OBJC_ARC = YES;
				CLANG_ENABLE_OBJC_WEAK = YES;
				CLANG_WARN_BLOCK_CAPTURE_AUTORELEASING = YES;
				CLANG_WARN_BOOL_CONVERSION = YES;
				CLANG_WARN_COMMA = YES;
				CLANG_WARN_CONSTANT_CONVERSION = YES;
				CLANG_WARN_DEPRECATED_OBJC_IMPLEMENTATIONS = YES;
				CLANG_WARN_DIRECT_OBJC_ISA_USAGE = YES_ERROR;
				CLANG_WARN_DOCUMENTATION_COMMENTS = YES;
				CLANG_WARN_EMPTY_BODY = YES;
				CLANG_WARN_ENUM_CONVERSION = YES;
				CLANG_WARN_INFINITE_RECURSION = YES;
				CLANG_WARN_INT_CONVERSION = YES;
				CLANG_WARN_NON_LITERAL_NULL_CONVERSION = YES;
				CLANG_WARN_OBJC_IMPLICIT_RETAIN_SELF = YES;
				CLANG_WARN_OBJC_LITERAL_CONVERSION = YES;
				CLANG_WARN_OBJC_ROOT_CLASS = YES_ERROR;
				CLANG_WARN_RANGE_LOOP_ANALYSIS = YES;
				CLANG_WARN_STRICT_PROTOTYPES = YES;
				CLANG_WARN_SUSPICIOUS_MOVE = YES;
				CLANG_WARN_UNGUARDED_AVAILABILITY = YES_AGGRESSIVE;
				CLANG_WARN_UNREACHABLE_CODE = YES;
				CLANG_WARN__DUPLICATE_METHOD_MATCH = YES;
				COPY_PHASE_STRIP = NO;
				DEBUG_INFORMATION_FORMAT = dwarf;
				ENABLE_STRICT_OBJC_MSGSEND = YES;
				ENABLE_TESTABILITY = YES;
				GCC_C_LANGUAGE_STANDARD = gnu11;
				GCC_DYNAMIC_NO_PIC = NO;
				GCC_NO_COMMON_BLOCKS = YES;
				GCC_OPTIMIZATION_LEVEL = 0;
				GCC_PREPROCESSOR_DEFINITIONS = (
					"DEBUG=1",
					"$(inherited)",
				);
				GCC_WARN_64_TO_32_BIT_CONVERSION = YES;
				GCC_WARN_ABOUT_RETURN_TYPE = YES_ERROR;
				GCC_WARN_UNDECLARED_SELECTOR = YES;
				GCC_WARN_UNINITIALIZED_AUTOS = YES_AGGRESSIVE;
				GCC_WARN_UNUSED_FUNCTION = YES;
				GCC_WARN_UNUSED_VARIABLE = YES;
				IPHONEOS_DEPLOYMENT_TARGET = 13.2;
				MTL_ENABLE_DEBUG_INFO = INCLUDE_SOURCE;
				MTL_FAST_MATH = YES;
				ONLY_ACTIVE_ARCH = YES;
				SDKROOT = iphoneos;
				SWIFT_ACTIVE_COMPILATION_CONDITIONS = DEBUG;
				SWIFT_OPTIMIZATION_LEVEL = "-Onone";
			};
			name = Debug;
		};
		FCE61012240E2233005DE0D1 /* Release */ = {
			isa = XCBuildConfiguration;
			buildSettings = {
				ALWAYS_SEARCH_USER_PATHS = NO;
				CLANG_ANALYZER_NONNULL = YES;
				CLANG_ANALYZER_NUMBER_OBJECT_CONVERSION = YES_AGGRESSIVE;
				CLANG_CXX_LANGUAGE_STANDARD = "gnu++14";
				CLANG_CXX_LIBRARY = "libc++";
				CLANG_ENABLE_MODULES = YES;
				CLANG_ENABLE_OBJC_ARC = YES;
				CLANG_ENABLE_OBJC_WEAK = YES;
				CLANG_WARN_BLOCK_CAPTURE_AUTORELEASING = YES;
				CLANG_WARN_BOOL_CONVERSION = YES;
				CLANG_WARN_COMMA = YES;
				CLANG_WARN_CONSTANT_CONVERSION = YES;
				CLANG_WARN_DEPRECATED_OBJC_IMPLEMENTATIONS = YES;
				CLANG_WARN_DIRECT_OBJC_ISA_USAGE = YES_ERROR;
				CLANG_WARN_DOCUMENTATION_COMMENTS = YES;
				CLANG_WARN_EMPTY_BODY = YES;
				CLANG_WARN_ENUM_CONVERSION = YES;
				CLANG_WARN_INFINITE_RECURSION = YES;
				CLANG_WARN_INT_CONVERSION = YES;
				CLANG_WARN_NON_LITERAL_NULL_CONVERSION = YES;
				CLANG_WARN_OBJC_IMPLICIT_RETAIN_SELF = YES;
				CLANG_WARN_OBJC_LITERAL_CONVERSION = YES;
				CLANG_WARN_OBJC_ROOT_CLASS = YES_ERROR;
				CLANG_WARN_RANGE_LOOP_ANALYSIS = YES;
				CLANG_WARN_STRICT_PROTOTYPES = YES;
				CLANG_WARN_SUSPICIOUS_MOVE = YES;
				CLANG_WARN_UNGUARDED_AVAILABILITY = YES_AGGRESSIVE;
				CLANG_WARN_UNREACHABLE_CODE = YES;
				CLANG_WARN__DUPLICATE_METHOD_MATCH = YES;
				COPY_PHASE_STRIP = NO;
				DEBUG_INFORMATION_FORMAT = "dwarf-with-dsym";
				ENABLE_NS_ASSERTIONS = NO;
				ENABLE_STRICT_OBJC_MSGSEND = YES;
				GCC_C_LANGUAGE_STANDARD = gnu11;
				GCC_NO_COMMON_BLOCKS = YES;
				GCC_WARN_64_TO_32_BIT_CONVERSION = YES;
				GCC_WARN_ABOUT_RETURN_TYPE = YES_ERROR;
				GCC_WARN_UNDECLARED_SELECTOR = YES;
				GCC_WARN_UNINITIALIZED_AUTOS = YES_AGGRESSIVE;
				GCC_WARN_UNUSED_FUNCTION = YES;
				GCC_WARN_UNUSED_VARIABLE = YES;
				IPHONEOS_DEPLOYMENT_TARGET = 13.2;
				MTL_ENABLE_DEBUG_INFO = NO;
				MTL_FAST_MATH = YES;
				SDKROOT = iphoneos;
				SWIFT_COMPILATION_MODE = wholemodule;
				SWIFT_OPTIMIZATION_LEVEL = "-O";
				VALIDATE_PRODUCT = YES;
			};
			name = Release;
		};
		FCE61014240E2233005DE0D1 /* Debug */ = {
			isa = XCBuildConfiguration;
			buildSettings = {
				ASSETCATALOG_COMPILER_APPICON_NAME = AppIcon;
				CODE_SIGN_STYLE = Automatic;
				DEVELOPMENT_TEAM = 3SMXMP42NY;
				INFOPLIST_FILE = FoodZilla/Info.plist;
				LD_RUNPATH_SEARCH_PATHS = (
					"$(inherited)",
					"@executable_path/Frameworks",
				);
				PRODUCT_BUNDLE_IDENTIFIER = com.omrobbie.FoodZilla;
				PRODUCT_NAME = "FoodZilla Store";
				SWIFT_VERSION = 5.0;
				TARGETED_DEVICE_FAMILY = "1,2";
			};
			name = Debug;
		};
		FCE61015240E2233005DE0D1 /* Release */ = {
			isa = XCBuildConfiguration;
			buildSettings = {
				ASSETCATALOG_COMPILER_APPICON_NAME = AppIcon;
				CODE_SIGN_STYLE = Automatic;
				DEVELOPMENT_TEAM = 3SMXMP42NY;
				INFOPLIST_FILE = FoodZilla/Info.plist;
				LD_RUNPATH_SEARCH_PATHS = (
					"$(inherited)",
					"@executable_path/Frameworks",
				);
				PRODUCT_BUNDLE_IDENTIFIER = com.omrobbie.FoodZilla;
				PRODUCT_NAME = "FoodZilla Store";
				SWIFT_VERSION = 5.0;
				TARGETED_DEVICE_FAMILY = "1,2";
			};
			name = Release;
		};
/* End XCBuildConfiguration section */

/* Begin XCConfigurationList section */
		FCE60FFA240E2231005DE0D1 /* Build configuration list for PBXProject "FoodZilla" */ = {
			isa = XCConfigurationList;
			buildConfigurations = (
				FCE61011240E2233005DE0D1 /* Debug */,
				FCE61012240E2233005DE0D1 /* Release */,
			);
			defaultConfigurationIsVisible = 0;
			defaultConfigurationName = Release;
		};
		FCE61013240E2233005DE0D1 /* Build configuration list for PBXNativeTarget "FoodZilla" */ = {
			isa = XCConfigurationList;
			buildConfigurations = (
				FCE61014240E2233005DE0D1 /* Debug */,
				FCE61015240E2233005DE0D1 /* Release */,
			);
			defaultConfigurationIsVisible = 0;
			defaultConfigurationName = Release;
		};
/* End XCConfigurationList section */
	};
	rootObject = FCE60FF7240E2231005DE0D1 /* Project object */;
}
